// !$*UTF8*$!
{
	archiveVersion = 1;
	classes = {
	};
	objectVersion = 46;
	objects = {

/* Begin PBXBuildFile section */
		EA1D29231ADB67F100E8C078 /* StopAnimationViewController.m in Sources */ = {isa = PBXBuildFile; fileRef = EA1D29211ADB67F100E8C078 /* StopAnimationViewController.m */; };
		EA1D29241ADB67F100E8C078 /* StopAnimationViewController.xib in Resources */ = {isa = PBXBuildFile; fileRef = EA1D29221ADB67F100E8C078 /* StopAnimationViewController.xib */; };
		EA1D29271ADB6DBE00E8C078 /* ShapeLayerViewController.m in Sources */ = {isa = PBXBuildFile; fileRef = EA1D29261ADB6DBE00E8C078 /* ShapeLayerViewController.m */; };
		EA1D292A1ADB704200E8C078 /* TextLayerViewController.m in Sources */ = {isa = PBXBuildFile; fileRef = EA1D29291ADB704200E8C078 /* TextLayerViewController.m */; };
		EA1D292C1ADB732A00E8C078 /* CoreText.framework in Frameworks */ = {isa = PBXBuildFile; fileRef = EA1D292B1ADB732A00E8C078 /* CoreText.framework */; };
		EA1D29331ADB74A100E8C078 /* LayerLabel.m in Sources */ = {isa = PBXBuildFile; fileRef = EA1D29321ADB74A100E8C078 /* LayerLabel.m */; };
		EA1D29361ADB760600E8C078 /* TransformLayerViewController.m in Sources */ = {isa = PBXBuildFile; fileRef = EA1D29351ADB760600E8C078 /* TransformLayerViewController.m */; };
		EA1D29391ADB76F100E8C078 /* GradientLayerViewController.m in Sources */ = {isa = PBXBuildFile; fileRef = EA1D29381ADB76F100E8C078 /* GradientLayerViewController.m */; };
		EA1D293C1ADB89B500E8C078 /* ReplicatorLayerViewController.m in Sources */ = {isa = PBXBuildFile; fileRef = EA1D293B1ADB89B500E8C078 /* ReplicatorLayerViewController.m */; };
		EA1D293F1ADB8CC300E8C078 /* ReflectionView.m in Sources */ = {isa = PBXBuildFile; fileRef = EA1D293E1ADB8CC300E8C078 /* ReflectionView.m */; };
		EA1D29421ADB924100E8C078 /* ScrollLayerView.m in Sources */ = {isa = PBXBuildFile; fileRef = EA1D29411ADB924100E8C078 /* ScrollLayerView.m */; };
		EA1D29461ADB97BB00E8C078 /* TiledLayerViewController.m in Sources */ = {isa = PBXBuildFile; fileRef = EA1D29441ADB97BB00E8C078 /* TiledLayerViewController.m */; };
		EA1D29471ADB97BB00E8C078 /* TiledLayerViewController.xib in Resources */ = {isa = PBXBuildFile; fileRef = EA1D29451ADB97BB00E8C078 /* TiledLayerViewController.xib */; };
		EA3782601ADC14340031C056 /* EmitterLayerViewController.m in Sources */ = {isa = PBXBuildFile; fileRef = EA37825F1ADC14340031C056 /* EmitterLayerViewController.m */; };
		EA3782631ADC1A880031C056 /* EAGLLayerViewController.m in Sources */ = {isa = PBXBuildFile; fileRef = EA3782621ADC1A880031C056 /* EAGLLayerViewController.m */; };
		EA3782661ADC1C4F0031C056 /* PlayerLayerViewController.m in Sources */ = {isa = PBXBuildFile; fileRef = EA3782651ADC1C4F0031C056 /* PlayerLayerViewController.m */; };
		EA3782681ADC1C9D0031C056 /* AVFoundation.framework in Frameworks */ = {isa = PBXBuildFile; fileRef = EA3782671ADC1C9D0031C056 /* AVFoundation.framework */; };
		EA37826B1ADC1D540031C056 /* MyShow.mp4 in Resources */ = {isa = PBXBuildFile; fileRef = EA37826A1ADC1D540031C056 /* MyShow.mp4 */; };
		EA9E4FBC1AD8D4B600CEEEFB /* main.m in Sources */ = {isa = PBXBuildFile; fileRef = EA9E4FBB1AD8D4B600CEEEFB /* main.m */; };
		EA9E4FBF1AD8D4B600CEEEFB /* AppDelegate.m in Sources */ = {isa = PBXBuildFile; fileRef = EA9E4FBE1AD8D4B600CEEEFB /* AppDelegate.m */; };
		EA9E4FC21AD8D4B600CEEEFB /* ViewController.m in Sources */ = {isa = PBXBuildFile; fileRef = EA9E4FC11AD8D4B600CEEEFB /* ViewController.m */; };
		EA9E4FC51AD8D4B600CEEEFB /* Main.storyboard in Resources */ = {isa = PBXBuildFile; fileRef = EA9E4FC31AD8D4B600CEEEFB /* Main.storyboard */; };
		EA9E4FC71AD8D4B600CEEEFB /* Images.xcassets in Resources */ = {isa = PBXBuildFile; fileRef = EA9E4FC61AD8D4B600CEEEFB /* Images.xcassets */; };
		EA9E4FCA1AD8D4B600CEEEFB /* LaunchScreen.xib in Resources */ = {isa = PBXBuildFile; fileRef = EA9E4FC81AD8D4B600CEEEFB /* LaunchScreen.xib */; };
		EA9E4FD61AD8D4B600CEEEFB /* CoreAnimation_DemoTests.m in Sources */ = {isa = PBXBuildFile; fileRef = EA9E4FD51AD8D4B600CEEEFB /* CoreAnimation_DemoTests.m */; };
		EA9E4FEB1AD8ECA400CEEEFB /* ContentRectViewController.m in Sources */ = {isa = PBXBuildFile; fileRef = EA9E4FE91AD8ECA400CEEEFB /* ContentRectViewController.m */; };
		EA9E4FEC1AD8ECA400CEEEFB /* ContentRectViewController.xib in Resources */ = {isa = PBXBuildFile; fileRef = EA9E4FEA1AD8ECA400CEEEFB /* ContentRectViewController.xib */; };
		EA9E4FF01AD91EE800CEEEFB /* ClickViewController.m in Sources */ = {isa = PBXBuildFile; fileRef = EA9E4FEE1AD91EE800CEEEFB /* ClickViewController.m */; };
		EA9E4FF11AD91EE800CEEEFB /* ClickViewController.xib in Resources */ = {isa = PBXBuildFile; fileRef = EA9E4FEF1AD91EE800CEEEFB /* ClickViewController.xib */; };
		EA9E4FF51AD933F900CEEEFB /* HitTestViewController.m in Sources */ = {isa = PBXBuildFile; fileRef = EA9E4FF31AD933F900CEEEFB /* HitTestViewController.m */; };
		EA9E4FF61AD933F900CEEEFB /* HitTestViewController.xib in Resources */ = {isa = PBXBuildFile; fileRef = EA9E4FF41AD933F900CEEEFB /* HitTestViewController.xib */; };
		EA9E4FFA1AD9448600CEEEFB /* ShadowViewController.m in Sources */ = {isa = PBXBuildFile; fileRef = EA9E4FF81AD9448600CEEEFB /* ShadowViewController.m */; };
		EA9E4FFB1AD9448600CEEEFB /* ShadowViewController.xib in Resources */ = {isa = PBXBuildFile; fileRef = EA9E4FF91AD9448600CEEEFB /* ShadowViewController.xib */; };
		EA9E4FFF1AD9494000CEEEFB /* MaskViewController.m in Sources */ = {isa = PBXBuildFile; fileRef = EA9E4FFD1AD9494000CEEEFB /* MaskViewController.m */; };
		EA9E50001AD9494000CEEEFB /* MaskViewController.xib in Resources */ = {isa = PBXBuildFile; fileRef = EA9E4FFE1AD9494000CEEEFB /* MaskViewController.xib */; };
		EA9E50041AD950CA00CEEEFB /* NearestViewController.m in Sources */ = {isa = PBXBuildFile; fileRef = EA9E50021AD950CA00CEEEFB /* NearestViewController.m */; };
		EA9E50051AD950CA00CEEEFB /* NearestViewController.xib in Resources */ = {isa = PBXBuildFile; fileRef = EA9E50031AD950CA00CEEEFB /* NearestViewController.xib */; };
		EA9E50091AD95BCC00CEEEFB /* GroupOpacityViewController.m in Sources */ = {isa = PBXBuildFile; fileRef = EA9E50071AD95BCC00CEEEFB /* GroupOpacityViewController.m */; };
		EA9E500A1AD95BCC00CEEEFB /* GroupOpacityViewController.xib in Resources */ = {isa = PBXBuildFile; fileRef = EA9E50081AD95BCC00CEEEFB /* GroupOpacityViewController.xib */; };
		EA9E500E1AD9661200CEEEFB /* TransformViewController.m in Sources */ = {isa = PBXBuildFile; fileRef = EA9E500C1AD9661200CEEEFB /* TransformViewController.m */; };
		EA9E500F1AD9661200CEEEFB /* TransformViewController.xib in Resources */ = {isa = PBXBuildFile; fileRef = EA9E500D1AD9661200CEEEFB /* TransformViewController.xib */; };
		EA9E50131AD97AD600CEEEFB /* Transform3dViewController.m in Sources */ = {isa = PBXBuildFile; fileRef = EA9E50111AD97AD600CEEEFB /* Transform3dViewController.m */; };
		EA9E50141AD97AD600CEEEFB /* Transform3dViewController.xib in Resources */ = {isa = PBXBuildFile; fileRef = EA9E50121AD97AD600CEEEFB /* Transform3dViewController.xib */; };
		EA9E50181AD9804500CEEEFB /* Cube3dViewController.m in Sources */ = {isa = PBXBuildFile; fileRef = EA9E50161AD9804500CEEEFB /* Cube3dViewController.m */; };
		EA9E50191AD9804500CEEEFB /* Cube3dViewController.xib in Resources */ = {isa = PBXBuildFile; fileRef = EA9E50171AD9804500CEEEFB /* Cube3dViewController.xib */; };
		EA9E501B1AD9890600CEEEFB /* GLKit.framework in Frameworks */ = {isa = PBXBuildFile; fileRef = EA9E501A1AD9890600CEEEFB /* GLKit.framework */; };
		EA9E50251AD9912000CEEEFB /* ImplicitAnimationViewController.m in Sources */ = {isa = PBXBuildFile; fileRef = EA9E50231AD9912000CEEEFB /* ImplicitAnimationViewController.m */; };
		EA9E50261AD9912000CEEEFB /* ImplicitAnimationViewController.xib in Resources */ = {isa = PBXBuildFile; fileRef = EA9E50241AD9912000CEEEFB /* ImplicitAnimationViewController.xib */; };
		EA9E502A1AD9A5A200CEEEFB /* PresentationViewController.m in Sources */ = {isa = PBXBuildFile; fileRef = EA9E50281AD9A5A200CEEEFB /* PresentationViewController.m */; };
		EA9E502B1AD9A5A200CEEEFB /* PresentationViewController.xib in Resources */ = {isa = PBXBuildFile; fileRef = EA9E50291AD9A5A200CEEEFB /* PresentationViewController.xib */; };
		EAF668801ADA4591007E8EE3 /* BasicAnimationViewController.m in Sources */ = {isa = PBXBuildFile; fileRef = EAF6687E1ADA4591007E8EE3 /* BasicAnimationViewController.m */; };
		EAF668811ADA4591007E8EE3 /* BasicAnimationViewController.xib in Resources */ = {isa = PBXBuildFile; fileRef = EAF6687F1ADA4591007E8EE3 /* BasicAnimationViewController.xib */; };
		EAF668851ADA4591007E8EE3 /* KeyFrameAnimationViewController.m in Sources */ = {isa = PBXBuildFile; fileRef = EAF668831ADA4591007E8EE3 /* KeyFrameAnimationViewController.m */; };
		EAF668861ADA4591007E8EE3 /* KeyFrameAnimationViewController.xib in Resources */ = {isa = PBXBuildFile; fileRef = EAF668841ADA4591007E8EE3 /* KeyFrameAnimationViewController.xib */; };
		EAF6688A1ADAB629007E8EE3 /* BezierAnimationViewController.m in Sources */ = {isa = PBXBuildFile; fileRef = EAF668881ADAB629007E8EE3 /* BezierAnimationViewController.m */; };
		EAF6688B1ADAB629007E8EE3 /* BezierAnimationViewController.xib in Resources */ = {isa = PBXBuildFile; fileRef = EAF668891ADAB629007E8EE3 /* BezierAnimationViewController.xib */; };
		EAF6688F1ADAC047007E8EE3 /* TransitionViewController.m in Sources */ = {isa = PBXBuildFile; fileRef = EAF6688D1ADAC047007E8EE3 /* TransitionViewController.m */; };
		EAF668901ADAC047007E8EE3 /* TransitionViewController.xib in Resources */ = {isa = PBXBuildFile; fileRef = EAF6688E1ADAC047007E8EE3 /* TransitionViewController.xib */; };
/* End PBXBuildFile section */

/* Begin PBXContainerItemProxy section */
		EA9E4FD01AD8D4B600CEEEFB /* PBXContainerItemProxy */ = {
			isa = PBXContainerItemProxy;
			containerPortal = EA9E4FAE1AD8D4B600CEEEFB /* Project object */;
			proxyType = 1;
			remoteGlobalIDString = EA9E4FB51AD8D4B600CEEEFB;
			remoteInfo = "CoreAnimation-Demo";
		};
/* End PBXContainerItemProxy section */

/* Begin PBXFileReference section */
		EA1D29201ADB67F100E8C078 /* StopAnimationViewController.h */ = {isa = PBXFileReference; fileEncoding = 4; lastKnownFileType = sourcecode.c.h; path = StopAnimationViewController.h; sourceTree = "<group>"; };
		EA1D29211ADB67F100E8C078 /* StopAnimationViewController.m */ = {isa = PBXFileReference; fileEncoding = 4; lastKnownFileType = sourcecode.c.objc; path = StopAnimationViewController.m; sourceTree = "<group>"; };
		EA1D29221ADB67F100E8C078 /* StopAnimationViewController.xib */ = {isa = PBXFileReference; fileEncoding = 4; lastKnownFileType = file.xib; path = StopAnimationViewController.xib; sourceTree = "<group>"; };
		EA1D29251ADB6DBE00E8C078 /* ShapeLayerViewController.h */ = {isa = PBXFileReference; fileEncoding = 4; lastKnownFileType = sourcecode.c.h; path = ShapeLayerViewController.h; sourceTree = "<group>"; };
		EA1D29261ADB6DBE00E8C078 /* ShapeLayerViewController.m */ = {isa = PBXFileReference; fileEncoding = 4; lastKnownFileType = sourcecode.c.objc; path = ShapeLayerViewController.m; sourceTree = "<group>"; };
		EA1D29281ADB704200E8C078 /* TextLayerViewController.h */ = {isa = PBXFileReference; fileEncoding = 4; lastKnownFileType = sourcecode.c.h; path = TextLayerViewController.h; sourceTree = "<group>"; };
		EA1D29291ADB704200E8C078 /* TextLayerViewController.m */ = {isa = PBXFileReference; fileEncoding = 4; lastKnownFileType = sourcecode.c.objc; path = TextLayerViewController.m; sourceTree = "<group>"; };
		EA1D292B1ADB732A00E8C078 /* CoreText.framework */ = {isa = PBXFileReference; lastKnownFileType = wrapper.framework; name = CoreText.framework; path = System/Library/Frameworks/CoreText.framework; sourceTree = SDKROOT; };
		EA1D29311ADB74A100E8C078 /* LayerLabel.h */ = {isa = PBXFileReference; fileEncoding = 4; lastKnownFileType = sourcecode.c.h; path = LayerLabel.h; sourceTree = "<group>"; };
		EA1D29321ADB74A100E8C078 /* LayerLabel.m */ = {isa = PBXFileReference; fileEncoding = 4; lastKnownFileType = sourcecode.c.objc; path = LayerLabel.m; sourceTree = "<group>"; };
		EA1D29341ADB760600E8C078 /* TransformLayerViewController.h */ = {isa = PBXFileReference; fileEncoding = 4; lastKnownFileType = sourcecode.c.h; path = TransformLayerViewController.h; sourceTree = "<group>"; };
		EA1D29351ADB760600E8C078 /* TransformLayerViewController.m */ = {isa = PBXFileReference; fileEncoding = 4; lastKnownFileType = sourcecode.c.objc; path = TransformLayerViewController.m; sourceTree = "<group>"; };
		EA1D29371ADB76F100E8C078 /* GradientLayerViewController.h */ = {isa = PBXFileReference; fileEncoding = 4; lastKnownFileType = sourcecode.c.h; path = GradientLayerViewController.h; sourceTree = "<group>"; };
		EA1D29381ADB76F100E8C078 /* GradientLayerViewController.m */ = {isa = PBXFileReference; fileEncoding = 4; lastKnownFileType = sourcecode.c.objc; path = GradientLayerViewController.m; sourceTree = "<group>"; };
		EA1D293A1ADB89B500E8C078 /* ReplicatorLayerViewController.h */ = {isa = PBXFileReference; fileEncoding = 4; lastKnownFileType = sourcecode.c.h; path = ReplicatorLayerViewController.h; sourceTree = "<group>"; };
		EA1D293B1ADB89B500E8C078 /* ReplicatorLayerViewController.m */ = {isa = PBXFileReference; fileEncoding = 4; lastKnownFileType = sourcecode.c.objc; path = ReplicatorLayerViewController.m; sourceTree = "<group>"; };
		EA1D293D1ADB8CC300E8C078 /* ReflectionView.h */ = {isa = PBXFileReference; fileEncoding = 4; lastKnownFileType = sourcecode.c.h; path = ReflectionView.h; sourceTree = "<group>"; };
		EA1D293E1ADB8CC300E8C078 /* ReflectionView.m */ = {isa = PBXFileReference; fileEncoding = 4; lastKnownFileType = sourcecode.c.objc; path = ReflectionView.m; sourceTree = "<group>"; };
		EA1D29401ADB924100E8C078 /* ScrollLayerView.h */ = {isa = PBXFileReference; fileEncoding = 4; lastKnownFileType = sourcecode.c.h; path = ScrollLayerView.h; sourceTree = "<group>"; };
		EA1D29411ADB924100E8C078 /* ScrollLayerView.m */ = {isa = PBXFileReference; fileEncoding = 4; lastKnownFileType = sourcecode.c.objc; path = ScrollLayerView.m; sourceTree = "<group>"; };
		EA1D29431ADB97BB00E8C078 /* TiledLayerViewController.h */ = {isa = PBXFileReference; fileEncoding = 4; lastKnownFileType = sourcecode.c.h; path = TiledLayerViewController.h; sourceTree = "<group>"; };
		EA1D29441ADB97BB00E8C078 /* TiledLayerViewController.m */ = {isa = PBXFileReference; fileEncoding = 4; lastKnownFileType = sourcecode.c.objc; path = TiledLayerViewController.m; sourceTree = "<group>"; };
		EA1D29451ADB97BB00E8C078 /* TiledLayerViewController.xib */ = {isa = PBXFileReference; fileEncoding = 4; lastKnownFileType = file.xib; path = TiledLayerViewController.xib; sourceTree = "<group>"; };
		EA37825E1ADC14340031C056 /* EmitterLayerViewController.h */ = {isa = PBXFileReference; fileEncoding = 4; lastKnownFileType = sourcecode.c.h; path = EmitterLayerViewController.h; sourceTree = "<group>"; };
		EA37825F1ADC14340031C056 /* EmitterLayerViewController.m */ = {isa = PBXFileReference; fileEncoding = 4; lastKnownFileType = sourcecode.c.objc; path = EmitterLayerViewController.m; sourceTree = "<group>"; };
		EA3782611ADC1A880031C056 /* EAGLLayerViewController.h */ = {isa = PBXFileReference; fileEncoding = 4; lastKnownFileType = sourcecode.c.h; path = EAGLLayerViewController.h; sourceTree = "<group>"; };
		EA3782621ADC1A880031C056 /* EAGLLayerViewController.m */ = {isa = PBXFileReference; fileEncoding = 4; lastKnownFileType = sourcecode.c.objc; path = EAGLLayerViewController.m; sourceTree = "<group>"; };
		EA3782641ADC1C4F0031C056 /* PlayerLayerViewController.h */ = {isa = PBXFileReference; fileEncoding = 4; lastKnownFileType = sourcecode.c.h; path = PlayerLayerViewController.h; sourceTree = "<group>"; };
		EA3782651ADC1C4F0031C056 /* PlayerLayerViewController.m */ = {isa = PBXFileReference; fileEncoding = 4; lastKnownFileType = sourcecode.c.objc; path = PlayerLayerViewController.m; sourceTree = "<group>"; };
		EA3782671ADC1C9D0031C056 /* AVFoundation.framework */ = {isa = PBXFileReference; lastKnownFileType = wrapper.framework; name = AVFoundation.framework; path = System/Library/Frameworks/AVFoundation.framework; sourceTree = SDKROOT; };
		EA37826A1ADC1D540031C056 /* MyShow.mp4 */ = {isa = PBXFileReference; lastKnownFileType = file; path = MyShow.mp4; sourceTree = "<group>"; };
		EA9E4FB61AD8D4B600CEEEFB /* CoreAnimation-Demo.app */ = {isa = PBXFileReference; explicitFileType = wrapper.application; includeInIndex = 0; path = "CoreAnimation-Demo.app"; sourceTree = BUILT_PRODUCTS_DIR; };
		EA9E4FBA1AD8D4B600CEEEFB /* Info.plist */ = {isa = PBXFileReference; lastKnownFileType = text.plist.xml; path = Info.plist; sourceTree = "<group>"; };
		EA9E4FBB1AD8D4B600CEEEFB /* main.m */ = {isa = PBXFileReference; lastKnownFileType = sourcecode.c.objc; path = main.m; sourceTree = "<group>"; };
		EA9E4FBD1AD8D4B600CEEEFB /* AppDelegate.h */ = {isa = PBXFileReference; lastKnownFileType = sourcecode.c.h; path = AppDelegate.h; sourceTree = "<group>"; };
		EA9E4FBE1AD8D4B600CEEEFB /* AppDelegate.m */ = {isa = PBXFileReference; lastKnownFileType = sourcecode.c.objc; path = AppDelegate.m; sourceTree = "<group>"; };
		EA9E4FC01AD8D4B600CEEEFB /* ViewController.h */ = {isa = PBXFileReference; lastKnownFileType = sourcecode.c.h; path = ViewController.h; sourceTree = "<group>"; };
		EA9E4FC11AD8D4B600CEEEFB /* ViewController.m */ = {isa = PBXFileReference; lastKnownFileType = sourcecode.c.objc; path = ViewController.m; sourceTree = "<group>"; };
		EA9E4FC41AD8D4B600CEEEFB /* Base */ = {isa = PBXFileReference; lastKnownFileType = file.storyboard; name = Base; path = Base.lproj/Main.storyboard; sourceTree = "<group>"; };
		EA9E4FC61AD8D4B600CEEEFB /* Images.xcassets */ = {isa = PBXFileReference; lastKnownFileType = folder.assetcatalog; path = Images.xcassets; sourceTree = "<group>"; };
		EA9E4FC91AD8D4B600CEEEFB /* Base */ = {isa = PBXFileReference; lastKnownFileType = file.xib; name = Base; path = Base.lproj/LaunchScreen.xib; sourceTree = "<group>"; };
		EA9E4FCF1AD8D4B600CEEEFB /* CoreAnimation-DemoTests.xctest */ = {isa = PBXFileReference; explicitFileType = wrapper.cfbundle; includeInIndex = 0; path = "CoreAnimation-DemoTests.xctest"; sourceTree = BUILT_PRODUCTS_DIR; };
		EA9E4FD41AD8D4B600CEEEFB /* Info.plist */ = {isa = PBXFileReference; lastKnownFileType = text.plist.xml; path = Info.plist; sourceTree = "<group>"; };
		EA9E4FD51AD8D4B600CEEEFB /* CoreAnimation_DemoTests.m */ = {isa = PBXFileReference; lastKnownFileType = sourcecode.c.objc; path = CoreAnimation_DemoTests.m; sourceTree = "<group>"; };
		EA9E4FDF1AD8E2D800CEEEFB /* doc */ = {isa = PBXFileReference; lastKnownFileType = folder; path = doc; sourceTree = "<group>"; };
		EA9E4FE81AD8ECA400CEEEFB /* ContentRectViewController.h */ = {isa = PBXFileReference; fileEncoding = 4; lastKnownFileType = sourcecode.c.h; path = ContentRectViewController.h; sourceTree = "<group>"; };
		EA9E4FE91AD8ECA400CEEEFB /* ContentRectViewController.m */ = {isa = PBXFileReference; fileEncoding = 4; lastKnownFileType = sourcecode.c.objc; path = ContentRectViewController.m; sourceTree = "<group>"; };
		EA9E4FEA1AD8ECA400CEEEFB /* ContentRectViewController.xib */ = {isa = PBXFileReference; fileEncoding = 4; lastKnownFileType = file.xib; path = ContentRectViewController.xib; sourceTree = "<group>"; };
		EA9E4FED1AD91EE800CEEEFB /* ClickViewController.h */ = {isa = PBXFileReference; fileEncoding = 4; lastKnownFileType = sourcecode.c.h; path = ClickViewController.h; sourceTree = "<group>"; };
		EA9E4FEE1AD91EE800CEEEFB /* ClickViewController.m */ = {isa = PBXFileReference; fileEncoding = 4; lastKnownFileType = sourcecode.c.objc; path = ClickViewController.m; sourceTree = "<group>"; };
		EA9E4FEF1AD91EE800CEEEFB /* ClickViewController.xib */ = {isa = PBXFileReference; fileEncoding = 4; lastKnownFileType = file.xib; path = ClickViewController.xib; sourceTree = "<group>"; };
		EA9E4FF21AD933F900CEEEFB /* HitTestViewController.h */ = {isa = PBXFileReference; fileEncoding = 4; lastKnownFileType = sourcecode.c.h; path = HitTestViewController.h; sourceTree = "<group>"; };
		EA9E4FF31AD933F900CEEEFB /* HitTestViewController.m */ = {isa = PBXFileReference; fileEncoding = 4; lastKnownFileType = sourcecode.c.objc; path = HitTestViewController.m; sourceTree = "<group>"; };
		EA9E4FF41AD933F900CEEEFB /* HitTestViewController.xib */ = {isa = PBXFileReference; fileEncoding = 4; lastKnownFileType = file.xib; path = HitTestViewController.xib; sourceTree = "<group>"; };
		EA9E4FF71AD9448600CEEEFB /* ShadowViewController.h */ = {isa = PBXFileReference; fileEncoding = 4; lastKnownFileType = sourcecode.c.h; path = ShadowViewController.h; sourceTree = "<group>"; };
		EA9E4FF81AD9448600CEEEFB /* ShadowViewController.m */ = {isa = PBXFileReference; fileEncoding = 4; lastKnownFileType = sourcecode.c.objc; path = ShadowViewController.m; sourceTree = "<group>"; };
		EA9E4FF91AD9448600CEEEFB /* ShadowViewController.xib */ = {isa = PBXFileReference; fileEncoding = 4; lastKnownFileType = file.xib; path = ShadowViewController.xib; sourceTree = "<group>"; };
		EA9E4FFC1AD9494000CEEEFB /* MaskViewController.h */ = {isa = PBXFileReference; fileEncoding = 4; lastKnownFileType = sourcecode.c.h; path = MaskViewController.h; sourceTree = "<group>"; };
		EA9E4FFD1AD9494000CEEEFB /* MaskViewController.m */ = {isa = PBXFileReference; fileEncoding = 4; lastKnownFileType = sourcecode.c.objc; path = MaskViewController.m; sourceTree = "<group>"; };
		EA9E4FFE1AD9494000CEEEFB /* MaskViewController.xib */ = {isa = PBXFileReference; fileEncoding = 4; lastKnownFileType = file.xib; path = MaskViewController.xib; sourceTree = "<group>"; };
		EA9E50011AD950CA00CEEEFB /* NearestViewController.h */ = {isa = PBXFileReference; fileEncoding = 4; lastKnownFileType = sourcecode.c.h; path = NearestViewController.h; sourceTree = "<group>"; };
		EA9E50021AD950CA00CEEEFB /* NearestViewController.m */ = {isa = PBXFileReference; fileEncoding = 4; lastKnownFileType = sourcecode.c.objc; path = NearestViewController.m; sourceTree = "<group>"; };
		EA9E50031AD950CA00CEEEFB /* NearestViewController.xib */ = {isa = PBXFileReference; fileEncoding = 4; lastKnownFileType = file.xib; path = NearestViewController.xib; sourceTree = "<group>"; };
		EA9E50061AD95BCC00CEEEFB /* GroupOpacityViewController.h */ = {isa = PBXFileReference; fileEncoding = 4; lastKnownFileType = sourcecode.c.h; path = GroupOpacityViewController.h; sourceTree = "<group>"; };
		EA9E50071AD95BCC00CEEEFB /* GroupOpacityViewController.m */ = {isa = PBXFileReference; fileEncoding = 4; lastKnownFileType = sourcecode.c.objc; path = GroupOpacityViewController.m; sourceTree = "<group>"; };
		EA9E50081AD95BCC00CEEEFB /* GroupOpacityViewController.xib */ = {isa = PBXFileReference; fileEncoding = 4; lastKnownFileType = file.xib; path = GroupOpacityViewController.xib; sourceTree = "<group>"; };
		EA9E500B1AD9661200CEEEFB /* TransformViewController.h */ = {isa = PBXFileReference; fileEncoding = 4; lastKnownFileType = sourcecode.c.h; path = TransformViewController.h; sourceTree = "<group>"; };
		EA9E500C1AD9661200CEEEFB /* TransformViewController.m */ = {isa = PBXFileReference; fileEncoding = 4; lastKnownFileType = sourcecode.c.objc; path = TransformViewController.m; sourceTree = "<group>"; };
		EA9E500D1AD9661200CEEEFB /* TransformViewController.xib */ = {isa = PBXFileReference; fileEncoding = 4; lastKnownFileType = file.xib; path = TransformViewController.xib; sourceTree = "<group>"; };
		EA9E50101AD97AD600CEEEFB /* Transform3dViewController.h */ = {isa = PBXFileReference; fileEncoding = 4; lastKnownFileType = sourcecode.c.h; path = Transform3dViewController.h; sourceTree = "<group>"; };
		EA9E50111AD97AD600CEEEFB /* Transform3dViewController.m */ = {isa = PBXFileReference; fileEncoding = 4; lastKnownFileType = sourcecode.c.objc; path = Transform3dViewController.m; sourceTree = "<group>"; };
		EA9E50121AD97AD600CEEEFB /* Transform3dViewController.xib */ = {isa = PBXFileReference; fileEncoding = 4; lastKnownFileType = file.xib; path = Transform3dViewController.xib; sourceTree = "<group>"; };
		EA9E50151AD9804500CEEEFB /* Cube3dViewController.h */ = {isa = PBXFileReference; fileEncoding = 4; lastKnownFileType = sourcecode.c.h; path = Cube3dViewController.h; sourceTree = "<group>"; };
		EA9E50161AD9804500CEEEFB /* Cube3dViewController.m */ = {isa = PBXFileReference; fileEncoding = 4; lastKnownFileType = sourcecode.c.objc; path = Cube3dViewController.m; sourceTree = "<group>"; };
		EA9E50171AD9804500CEEEFB /* Cube3dViewController.xib */ = {isa = PBXFileReference; fileEncoding = 4; lastKnownFileType = file.xib; path = Cube3dViewController.xib; sourceTree = "<group>"; };
		EA9E501A1AD9890600CEEEFB /* GLKit.framework */ = {isa = PBXFileReference; lastKnownFileType = wrapper.framework; name = GLKit.framework; path = System/Library/Frameworks/GLKit.framework; sourceTree = SDKROOT; };
		EA9E50221AD9912000CEEEFB /* ImplicitAnimationViewController.h */ = {isa = PBXFileReference; fileEncoding = 4; lastKnownFileType = sourcecode.c.h; path = ImplicitAnimationViewController.h; sourceTree = "<group>"; };
		EA9E50231AD9912000CEEEFB /* ImplicitAnimationViewController.m */ = {isa = PBXFileReference; fileEncoding = 4; lastKnownFileType = sourcecode.c.objc; path = ImplicitAnimationViewController.m; sourceTree = "<group>"; };
		EA9E50241AD9912000CEEEFB /* ImplicitAnimationViewController.xib */ = {isa = PBXFileReference; fileEncoding = 4; lastKnownFileType = file.xib; path = ImplicitAnimationViewController.xib; sourceTree = "<group>"; };
		EA9E50271AD9A5A200CEEEFB /* PresentationViewController.h */ = {isa = PBXFileReference; fileEncoding = 4; lastKnownFileType = sourcecode.c.h; path = PresentationViewController.h; sourceTree = "<group>"; };
		EA9E50281AD9A5A200CEEEFB /* PresentationViewController.m */ = {isa = PBXFileReference; fileEncoding = 4; lastKnownFileType = sourcecode.c.objc; path = PresentationViewController.m; sourceTree = "<group>"; };
		EA9E50291AD9A5A200CEEEFB /* PresentationViewController.xib */ = {isa = PBXFileReference; fileEncoding = 4; lastKnownFileType = file.xib; path = PresentationViewController.xib; sourceTree = "<group>"; };
		EAF6687D1ADA4591007E8EE3 /* BasicAnimationViewController.h */ = {isa = PBXFileReference; fileEncoding = 4; lastKnownFileType = sourcecode.c.h; path = BasicAnimationViewController.h; sourceTree = "<group>"; };
		EAF6687E1ADA4591007E8EE3 /* BasicAnimationViewController.m */ = {isa = PBXFileReference; fileEncoding = 4; lastKnownFileType = sourcecode.c.objc; path = BasicAnimationViewController.m; sourceTree = "<group>"; };
		EAF6687F1ADA4591007E8EE3 /* BasicAnimationViewController.xib */ = {isa = PBXFileReference; fileEncoding = 4; lastKnownFileType = file.xib; path = BasicAnimationViewController.xib; sourceTree = "<group>"; };
		EAF668821ADA4591007E8EE3 /* KeyFrameAnimationViewController.h */ = {isa = PBXFileReference; fileEncoding = 4; lastKnownFileType = sourcecode.c.h; path = KeyFrameAnimationViewController.h; sourceTree = "<group>"; };
		EAF668831ADA4591007E8EE3 /* KeyFrameAnimationViewController.m */ = {isa = PBXFileReference; fileEncoding = 4; lastKnownFileType = sourcecode.c.objc; path = KeyFrameAnimationViewController.m; sourceTree = "<group>"; };
		EAF668841ADA4591007E8EE3 /* KeyFrameAnimationViewController.xib */ = {isa = PBXFileReference; fileEncoding = 4; lastKnownFileType = file.xib; path = KeyFrameAnimationViewController.xib; sourceTree = "<group>"; };
		EAF668871ADAB629007E8EE3 /* BezierAnimationViewController.h */ = {isa = PBXFileReference; fileEncoding = 4; lastKnownFileType = sourcecode.c.h; path = BezierAnimationViewController.h; sourceTree = "<group>"; };
		EAF668881ADAB629007E8EE3 /* BezierAnimationViewController.m */ = {isa = PBXFileReference; fileEncoding = 4; lastKnownFileType = sourcecode.c.objc; path = BezierAnimationViewController.m; sourceTree = "<group>"; };
		EAF668891ADAB629007E8EE3 /* BezierAnimationViewController.xib */ = {isa = PBXFileReference; fileEncoding = 4; lastKnownFileType = file.xib; path = BezierAnimationViewController.xib; sourceTree = "<group>"; };
		EAF6688C1ADAC047007E8EE3 /* TransitionViewController.h */ = {isa = PBXFileReference; fileEncoding = 4; lastKnownFileType = sourcecode.c.h; path = TransitionViewController.h; sourceTree = "<group>"; };
		EAF6688D1ADAC047007E8EE3 /* TransitionViewController.m */ = {isa = PBXFileReference; fileEncoding = 4; lastKnownFileType = sourcecode.c.objc; path = TransitionViewController.m; sourceTree = "<group>"; };
		EAF6688E1ADAC047007E8EE3 /* TransitionViewController.xib */ = {isa = PBXFileReference; fileEncoding = 4; lastKnownFileType = file.xib; path = TransitionViewController.xib; sourceTree = "<group>"; };
/* End PBXFileReference section */

/* Begin PBXFrameworksBuildPhase section */
		EA9E4FB31AD8D4B600CEEEFB /* Frameworks */ = {
			isa = PBXFrameworksBuildPhase;
			buildActionMask = 2147483647;
			files = (
				EA3782681ADC1C9D0031C056 /* AVFoundation.framework in Frameworks */,
				EA1D292C1ADB732A00E8C078 /* CoreText.framework in Frameworks */,
				EA9E501B1AD9890600CEEEFB /* GLKit.framework in Frameworks */,
			);
			runOnlyForDeploymentPostprocessing = 0;
		};
		EA9E4FCC1AD8D4B600CEEEFB /* Frameworks */ = {
			isa = PBXFrameworksBuildPhase;
			buildActionMask = 2147483647;
			files = (
			);
			runOnlyForDeploymentPostprocessing = 0;
		};
/* End PBXFrameworksBuildPhase section */

/* Begin PBXGroup section */
		EA1D29301ADB74A100E8C078 /* CustomView */ = {
			isa = PBXGroup;
			children = (
				EA1D29311ADB74A100E8C078 /* LayerLabel.h */,
				EA1D29321ADB74A100E8C078 /* LayerLabel.m */,
				EA1D293D1ADB8CC300E8C078 /* ReflectionView.h */,
				EA1D293E1ADB8CC300E8C078 /* ReflectionView.m */,
				EA1D29401ADB924100E8C078 /* ScrollLayerView.h */,
				EA1D29411ADB924100E8C078 /* ScrollLayerView.m */,
			);
			path = CustomView;
			sourceTree = "<group>";
		};
		EA3782691ADC1D440031C056 /* Resources */ = {
			isa = PBXGroup;
			children = (
				EA37826A1ADC1D540031C056 /* MyShow.mp4 */,
			);
			path = Resources;
			sourceTree = "<group>";
		};
		EA9E4FAD1AD8D4B500CEEEFB = {
			isa = PBXGroup;
			children = (
				EA3782671ADC1C9D0031C056 /* AVFoundation.framework */,
				EA1D292B1ADB732A00E8C078 /* CoreText.framework */,
				EA9E501A1AD9890600CEEEFB /* GLKit.framework */,
				EA9E4FB81AD8D4B600CEEEFB /* CoreAnimation-Demo */,
				EA9E4FD21AD8D4B600CEEEFB /* CoreAnimation-DemoTests */,
				EA9E4FB71AD8D4B600CEEEFB /* Products */,
				EA9E4FDF1AD8E2D800CEEEFB /* doc */,
			);
			sourceTree = "<group>";
		};
		EA9E4FB71AD8D4B600CEEEFB /* Products */ = {
			isa = PBXGroup;
			children = (
				EA9E4FB61AD8D4B600CEEEFB /* CoreAnimation-Demo.app */,
				EA9E4FCF1AD8D4B600CEEEFB /* CoreAnimation-DemoTests.xctest */,
			);
			name = Products;
			sourceTree = "<group>";
		};
		EA9E4FB81AD8D4B600CEEEFB /* CoreAnimation-Demo */ = {
			isa = PBXGroup;
			children = (
				EA3782691ADC1D440031C056 /* Resources */,
				EA9E50211AD9912000CEEEFB /* AnimationVC */,
				EA9E4FE41AD8EBB400CEEEFB /* LayerVC */,
				EA9E4FBD1AD8D4B600CEEEFB /* AppDelegate.h */,
				EA9E4FBE1AD8D4B600CEEEFB /* AppDelegate.m */,
				EA9E4FC01AD8D4B600CEEEFB /* ViewController.h */,
				EA9E4FC11AD8D4B600CEEEFB /* ViewController.m */,
				EA9E4FC31AD8D4B600CEEEFB /* Main.storyboard */,
				EA9E4FC61AD8D4B600CEEEFB /* Images.xcassets */,
				EA9E4FC81AD8D4B600CEEEFB /* LaunchScreen.xib */,
				EA9E4FB91AD8D4B600CEEEFB /* Supporting Files */,
			);
			path = "CoreAnimation-Demo";
			sourceTree = "<group>";
		};
		EA9E4FB91AD8D4B600CEEEFB /* Supporting Files */ = {
			isa = PBXGroup;
			children = (
				EA9E4FBA1AD8D4B600CEEEFB /* Info.plist */,
				EA9E4FBB1AD8D4B600CEEEFB /* main.m */,
			);
			name = "Supporting Files";
			sourceTree = "<group>";
		};
		EA9E4FD21AD8D4B600CEEEFB /* CoreAnimation-DemoTests */ = {
			isa = PBXGroup;
			children = (
				EA9E4FD51AD8D4B600CEEEFB /* CoreAnimation_DemoTests.m */,
				EA9E4FD31AD8D4B600CEEEFB /* Supporting Files */,
			);
			path = "CoreAnimation-DemoTests";
			sourceTree = "<group>";
		};
		EA9E4FD31AD8D4B600CEEEFB /* Supporting Files */ = {
			isa = PBXGroup;
			children = (
				EA9E4FD41AD8D4B600CEEEFB /* Info.plist */,
			);
			name = "Supporting Files";
			sourceTree = "<group>";
		};
		EA9E4FE41AD8EBB400CEEEFB /* LayerVC */ = {
			isa = PBXGroup;
			children = (
				EA1D29301ADB74A100E8C078 /* CustomView */,
				EA9E4FE81AD8ECA400CEEEFB /* ContentRectViewController.h */,
				EA9E4FE91AD8ECA400CEEEFB /* ContentRectViewController.m */,
				EA9E4FEA1AD8ECA400CEEEFB /* ContentRectViewController.xib */,
				EA9E4FED1AD91EE800CEEEFB /* ClickViewController.h */,
				EA9E4FEE1AD91EE800CEEEFB /* ClickViewController.m */,
				EA9E4FEF1AD91EE800CEEEFB /* ClickViewController.xib */,
				EA9E4FF21AD933F900CEEEFB /* HitTestViewController.h */,
				EA9E4FF31AD933F900CEEEFB /* HitTestViewController.m */,
				EA9E4FF41AD933F900CEEEFB /* HitTestViewController.xib */,
				EA9E4FF71AD9448600CEEEFB /* ShadowViewController.h */,
				EA9E4FF81AD9448600CEEEFB /* ShadowViewController.m */,
				EA9E4FF91AD9448600CEEEFB /* ShadowViewController.xib */,
				EA9E4FFC1AD9494000CEEEFB /* MaskViewController.h */,
				EA9E4FFD1AD9494000CEEEFB /* MaskViewController.m */,
				EA9E4FFE1AD9494000CEEEFB /* MaskViewController.xib */,
				EA9E50011AD950CA00CEEEFB /* NearestViewController.h */,
				EA9E50021AD950CA00CEEEFB /* NearestViewController.m */,
				EA9E50031AD950CA00CEEEFB /* NearestViewController.xib */,
				EA9E50061AD95BCC00CEEEFB /* GroupOpacityViewController.h */,
				EA9E50071AD95BCC00CEEEFB /* GroupOpacityViewController.m */,
				EA9E50081AD95BCC00CEEEFB /* GroupOpacityViewController.xib */,
				EA9E500B1AD9661200CEEEFB /* TransformViewController.h */,
				EA9E500C1AD9661200CEEEFB /* TransformViewController.m */,
				EA9E500D1AD9661200CEEEFB /* TransformViewController.xib */,
				EA9E50101AD97AD600CEEEFB /* Transform3dViewController.h */,
				EA9E50111AD97AD600CEEEFB /* Transform3dViewController.m */,
				EA9E50121AD97AD600CEEEFB /* Transform3dViewController.xib */,
				EA9E50151AD9804500CEEEFB /* Cube3dViewController.h */,
				EA9E50161AD9804500CEEEFB /* Cube3dViewController.m */,
				EA9E50171AD9804500CEEEFB /* Cube3dViewController.xib */,
				EA1D29251ADB6DBE00E8C078 /* ShapeLayerViewController.h */,
				EA1D29261ADB6DBE00E8C078 /* ShapeLayerViewController.m */,
				EA1D29281ADB704200E8C078 /* TextLayerViewController.h */,
				EA1D29291ADB704200E8C078 /* TextLayerViewController.m */,
				EA1D29341ADB760600E8C078 /* TransformLayerViewController.h */,
				EA1D29351ADB760600E8C078 /* TransformLayerViewController.m */,
				EA1D29371ADB76F100E8C078 /* GradientLayerViewController.h */,
				EA1D29381ADB76F100E8C078 /* GradientLayerViewController.m */,
				EA1D293A1ADB89B500E8C078 /* ReplicatorLayerViewController.h */,
				EA1D293B1ADB89B500E8C078 /* ReplicatorLayerViewController.m */,
				EA1D29431ADB97BB00E8C078 /* TiledLayerViewController.h */,
				EA1D29441ADB97BB00E8C078 /* TiledLayerViewController.m */,
				EA1D29451ADB97BB00E8C078 /* TiledLayerViewController.xib */,
				EA37825E1ADC14340031C056 /* EmitterLayerViewController.h */,
				EA37825F1ADC14340031C056 /* EmitterLayerViewController.m */,
				EA3782611ADC1A880031C056 /* EAGLLayerViewController.h */,
				EA3782621ADC1A880031C056 /* EAGLLayerViewController.m */,
				EA3782641ADC1C4F0031C056 /* PlayerLayerViewController.h */,
				EA3782651ADC1C4F0031C056 /* PlayerLayerViewController.m */,
			);
			path = LayerVC;
			sourceTree = "<group>";
		};
		EA9E50211AD9912000CEEEFB /* AnimationVC */ = {
			isa = PBXGroup;
			children = (
				EA9E50221AD9912000CEEEFB /* ImplicitAnimationViewController.h */,
				EA9E50231AD9912000CEEEFB /* ImplicitAnimationViewController.m */,
				EA9E50241AD9912000CEEEFB /* ImplicitAnimationViewController.xib */,
				EA9E50271AD9A5A200CEEEFB /* PresentationViewController.h */,
				EA9E50281AD9A5A200CEEEFB /* PresentationViewController.m */,
				EA9E50291AD9A5A200CEEEFB /* PresentationViewController.xib */,
				EAF6687D1ADA4591007E8EE3 /* BasicAnimationViewController.h */,
				EAF6687E1ADA4591007E8EE3 /* BasicAnimationViewController.m */,
				EAF6687F1ADA4591007E8EE3 /* BasicAnimationViewController.xib */,
				EAF668821ADA4591007E8EE3 /* KeyFrameAnimationViewController.h */,
				EAF668831ADA4591007E8EE3 /* KeyFrameAnimationViewController.m */,
				EAF668841ADA4591007E8EE3 /* KeyFrameAnimationViewController.xib */,
				EAF668871ADAB629007E8EE3 /* BezierAnimationViewController.h */,
				EAF668881ADAB629007E8EE3 /* BezierAnimationViewController.m */,
				EAF668891ADAB629007E8EE3 /* BezierAnimationViewController.xib */,
				EAF6688C1ADAC047007E8EE3 /* TransitionViewController.h */,
				EAF6688D1ADAC047007E8EE3 /* TransitionViewController.m */,
				EAF6688E1ADAC047007E8EE3 /* TransitionViewController.xib */,
				EA1D29201ADB67F100E8C078 /* StopAnimationViewController.h */,
				EA1D29211ADB67F100E8C078 /* StopAnimationViewController.m */,
				EA1D29221ADB67F100E8C078 /* StopAnimationViewController.xib */,
			);
			path = AnimationVC;
			sourceTree = "<group>";
		};
/* End PBXGroup section */

/* Begin PBXNativeTarget section */
		EA9E4FB51AD8D4B600CEEEFB /* CoreAnimation-Demo */ = {
			isa = PBXNativeTarget;
			buildConfigurationList = EA9E4FD91AD8D4B600CEEEFB /* Build configuration list for PBXNativeTarget "CoreAnimation-Demo" */;
			buildPhases = (
				EA9E4FB21AD8D4B600CEEEFB /* Sources */,
				EA9E4FB31AD8D4B600CEEEFB /* Frameworks */,
				EA9E4FB41AD8D4B600CEEEFB /* Resources */,
			);
			buildRules = (
			);
			dependencies = (
			);
			name = "CoreAnimation-Demo";
			productName = "CoreAnimation-Demo";
			productReference = EA9E4FB61AD8D4B600CEEEFB /* CoreAnimation-Demo.app */;
			productType = "com.apple.product-type.application";
		};
		EA9E4FCE1AD8D4B600CEEEFB /* CoreAnimation-DemoTests */ = {
			isa = PBXNativeTarget;
			buildConfigurationList = EA9E4FDC1AD8D4B600CEEEFB /* Build configuration list for PBXNativeTarget "CoreAnimation-DemoTests" */;
			buildPhases = (
				EA9E4FCB1AD8D4B600CEEEFB /* Sources */,
				EA9E4FCC1AD8D4B600CEEEFB /* Frameworks */,
				EA9E4FCD1AD8D4B600CEEEFB /* Resources */,
			);
			buildRules = (
			);
			dependencies = (
				EA9E4FD11AD8D4B600CEEEFB /* PBXTargetDependency */,
			);
			name = "CoreAnimation-DemoTests";
			productName = "CoreAnimation-DemoTests";
			productReference = EA9E4FCF1AD8D4B600CEEEFB /* CoreAnimation-DemoTests.xctest */;
			productType = "com.apple.product-type.bundle.unit-test";
		};
/* End PBXNativeTarget section */

/* Begin PBXProject section */
		EA9E4FAE1AD8D4B600CEEEFB /* Project object */ = {
			isa = PBXProject;
			attributes = {
				LastUpgradeCheck = 0620;
				ORGANIZATIONNAME = luowei;
				TargetAttributes = {
					EA9E4FB51AD8D4B600CEEEFB = {
						CreatedOnToolsVersion = 6.2;
					};
					EA9E4FCE1AD8D4B600CEEEFB = {
						CreatedOnToolsVersion = 6.2;
						TestTargetID = EA9E4FB51AD8D4B600CEEEFB;
					};
				};
			};
			buildConfigurationList = EA9E4FB11AD8D4B600CEEEFB /* Build configuration list for PBXProject "CoreAnimation-Demo" */;
			compatibilityVersion = "Xcode 3.2";
			developmentRegion = English;
			hasScannedForEncodings = 0;
			knownRegions = (
				en,
				Base,
			);
			mainGroup = EA9E4FAD1AD8D4B500CEEEFB;
			productRefGroup = EA9E4FB71AD8D4B600CEEEFB /* Products */;
			projectDirPath = "";
			projectRoot = "";
			targets = (
				EA9E4FB51AD8D4B600CEEEFB /* CoreAnimation-Demo */,
				EA9E4FCE1AD8D4B600CEEEFB /* CoreAnimation-DemoTests */,
			);
		};
/* End PBXProject section */

/* Begin PBXResourcesBuildPhase section */
		EA9E4FB41AD8D4B600CEEEFB /* Resources */ = {
			isa = PBXResourcesBuildPhase;
			buildActionMask = 2147483647;
			files = (
				EA9E50141AD97AD600CEEEFB /* Transform3dViewController.xib in Resources */,
				EA1D29471ADB97BB00E8C078 /* TiledLayerViewController.xib in Resources */,
				EA37826B1ADC1D540031C056 /* MyShow.mp4 in Resources */,
				EAF668861ADA4591007E8EE3 /* KeyFrameAnimationViewController.xib in Resources */,
				EAF6688B1ADAB629007E8EE3 /* BezierAnimationViewController.xib in Resources */,
				EA9E502B1AD9A5A200CEEEFB /* PresentationViewController.xib in Resources */,
				EA9E4FF61AD933F900CEEEFB /* HitTestViewController.xib in Resources */,
				EA9E4FC51AD8D4B600CEEEFB /* Main.storyboard in Resources */,
				EAF668811ADA4591007E8EE3 /* BasicAnimationViewController.xib in Resources */,
				EA9E500A1AD95BCC00CEEEFB /* GroupOpacityViewController.xib in Resources */,
				EA9E50191AD9804500CEEEFB /* Cube3dViewController.xib in Resources */,
				EA9E4FFB1AD9448600CEEEFB /* ShadowViewController.xib in Resources */,
				EA9E4FCA1AD8D4B600CEEEFB /* LaunchScreen.xib in Resources */,
				EA9E4FEC1AD8ECA400CEEEFB /* ContentRectViewController.xib in Resources */,
				EA9E50051AD950CA00CEEEFB /* NearestViewController.xib in Resources */,
				EA1D29241ADB67F100E8C078 /* StopAnimationViewController.xib in Resources */,
				EA9E4FC71AD8D4B600CEEEFB /* Images.xcassets in Resources */,
				EA9E50261AD9912000CEEEFB /* ImplicitAnimationViewController.xib in Resources */,
				EAF668901ADAC047007E8EE3 /* TransitionViewController.xib in Resources */,
				EA9E4FF11AD91EE800CEEEFB /* ClickViewController.xib in Resources */,
				EA9E50001AD9494000CEEEFB /* MaskViewController.xib in Resources */,
				EA9E500F1AD9661200CEEEFB /* TransformViewController.xib in Resources */,
			);
			runOnlyForDeploymentPostprocessing = 0;
		};
		EA9E4FCD1AD8D4B600CEEEFB /* Resources */ = {
			isa = PBXResourcesBuildPhase;
			buildActionMask = 2147483647;
			files = (
			);
			runOnlyForDeploymentPostprocessing = 0;
		};
/* End PBXResourcesBuildPhase section */

/* Begin PBXSourcesBuildPhase section */
		EA9E4FB21AD8D4B600CEEEFB /* Sources */ = {
			isa = PBXSourcesBuildPhase;
			buildActionMask = 2147483647;
			files = (
				EA9E4FF51AD933F900CEEEFB /* HitTestViewController.m in Sources */,
				EA1D293C1ADB89B500E8C078 /* ReplicatorLayerViewController.m in Sources */,
				EA9E4FC21AD8D4B600CEEEFB /* ViewController.m in Sources */,
				EA9E4FBF1AD8D4B600CEEEFB /* AppDelegate.m in Sources */,
				EAF668851ADA4591007E8EE3 /* KeyFrameAnimationViewController.m in Sources */,
				EA9E4FEB1AD8ECA400CEEEFB /* ContentRectViewController.m in Sources */,
				EA9E50131AD97AD600CEEEFB /* Transform3dViewController.m in Sources */,
				EA1D29421ADB924100E8C078 /* ScrollLayerView.m in Sources */,
				EA9E4FF01AD91EE800CEEEFB /* ClickViewController.m in Sources */,
				EA9E50251AD9912000CEEEFB /* ImplicitAnimationViewController.m in Sources */,
				EA9E4FFA1AD9448600CEEEFB /* ShadowViewController.m in Sources */,
				EA1D29391ADB76F100E8C078 /* GradientLayerViewController.m in Sources */,
				EA1D29361ADB760600E8C078 /* TransformLayerViewController.m in Sources */,
				EA9E502A1AD9A5A200CEEEFB /* PresentationViewController.m in Sources */,
				EAF6688F1ADAC047007E8EE3 /* TransitionViewController.m in Sources */,
				EA9E50041AD950CA00CEEEFB /* NearestViewController.m in Sources */,
				EAF668801ADA4591007E8EE3 /* BasicAnimationViewController.m in Sources */,
				EA3782601ADC14340031C056 /* EmitterLayerViewController.m in Sources */,
				EA1D29271ADB6DBE00E8C078 /* ShapeLayerViewController.m in Sources */,
				EA1D29461ADB97BB00E8C078 /* TiledLayerViewController.m in Sources */,
				EA9E4FBC1AD8D4B600CEEEFB /* main.m in Sources */,
				EA9E50181AD9804500CEEEFB /* Cube3dViewController.m in Sources */,
				EA1D29331ADB74A100E8C078 /* LayerLabel.m in Sources */,
				EA1D293F1ADB8CC300E8C078 /* ReflectionView.m in Sources */,
				EA9E500E1AD9661200CEEEFB /* TransformViewController.m in Sources */,
				EA1D292A1ADB704200E8C078 /* TextLayerViewController.m in Sources */,
				EA9E50091AD95BCC00CEEEFB /* GroupOpacityViewController.m in Sources */,
				EA1D29231ADB67F100E8C078 /* StopAnimationViewController.m in Sources */,
				EAF6688A1ADAB629007E8EE3 /* BezierAnimationViewController.m in Sources */,
				EA9E4FFF1AD9494000CEEEFB /* MaskViewController.m in Sources */,
				EA3782631ADC1A880031C056 /* EAGLLayerViewController.m in Sources */,
				EA3782661ADC1C4F0031C056 /* PlayerLayerViewController.m in Sources */,
			);
			runOnlyForDeploymentPostprocessing = 0;
		};
		EA9E4FCB1AD8D4B600CEEEFB /* Sources */ = {
			isa = PBXSourcesBuildPhase;
			buildActionMask = 2147483647;
			files = (
				EA9E4FD61AD8D4B600CEEEFB /* CoreAnimation_DemoTests.m in Sources */,
			);
			runOnlyForDeploymentPostprocessing = 0;
		};
/* End PBXSourcesBuildPhase section */

/* Begin PBXTargetDependency section */
		EA9E4FD11AD8D4B600CEEEFB /* PBXTargetDependency */ = {
			isa = PBXTargetDependency;
			target = EA9E4FB51AD8D4B600CEEEFB /* CoreAnimation-Demo */;
			targetProxy = EA9E4FD01AD8D4B600CEEEFB /* PBXContainerItemProxy */;
		};
/* End PBXTargetDependency section */

/* Begin PBXVariantGroup section */
		EA9E4FC31AD8D4B600CEEEFB /* Main.storyboard */ = {
			isa = PBXVariantGroup;
			children = (
				EA9E4FC41AD8D4B600CEEEFB /* Base */,
			);
			name = Main.storyboard;
			sourceTree = "<group>";
		};
		EA9E4FC81AD8D4B600CEEEFB /* LaunchScreen.xib */ = {
			isa = PBXVariantGroup;
			children = (
				EA9E4FC91AD8D4B600CEEEFB /* Base */,
			);
			name = LaunchScreen.xib;
			sourceTree = "<group>";
		};
/* End PBXVariantGroup section */

/* Begin XCBuildConfiguration section */
		EA9E4FD71AD8D4B600CEEEFB /* Debug */ = {
			isa = XCBuildConfiguration;
			buildSettings = {
				ALWAYS_SEARCH_USER_PATHS = NO;
				CLANG_CXX_LANGUAGE_STANDARD = "gnu++0x";
				CLANG_CXX_LIBRARY = "libc++";
				CLANG_ENABLE_MODULES = YES;
				CLANG_ENABLE_OBJC_ARC = YES;
				CLANG_WARN_BOOL_CONVERSION = YES;
				CLANG_WARN_CONSTANT_CONVERSION = YES;
				CLANG_WARN_DIRECT_OBJC_ISA_USAGE = YES_ERROR;
				CLANG_WARN_EMPTY_BODY = YES;
				CLANG_WARN_ENUM_CONVERSION = YES;
				CLANG_WARN_INT_CONVERSION = YES;
				CLANG_WARN_OBJC_ROOT_CLASS = YES_ERROR;
				CLANG_WARN_UNREACHABLE_CODE = YES;
				CLANG_WARN__DUPLICATE_METHOD_MATCH = YES;
				"CODE_SIGN_IDENTITY[sdk=iphoneos*]" = "iPhone Developer";
				COPY_PHASE_STRIP = NO;
				ENABLE_STRICT_OBJC_MSGSEND = YES;
				GCC_C_LANGUAGE_STANDARD = gnu99;
				GCC_DYNAMIC_NO_PIC = NO;
				GCC_OPTIMIZATION_LEVEL = 0;
				GCC_PREPROCESSOR_DEFINITIONS = (
					"DEBUG=1",
					"$(inherited)",
				);
				GCC_SYMBOLS_PRIVATE_EXTERN = NO;
				GCC_WARN_64_TO_32_BIT_CONVERSION = YES;
				GCC_WARN_ABOUT_RETURN_TYPE = YES_ERROR;
				GCC_WARN_UNDECLARED_SELECTOR = YES;
				GCC_WARN_UNINITIALIZED_AUTOS = YES_AGGRESSIVE;
				GCC_WARN_UNUSED_FUNCTION = YES;
				GCC_WARN_UNUSED_VARIABLE = YES;
				IPHONEOS_DEPLOYMENT_TARGET = 8.2;
				MTL_ENABLE_DEBUG_INFO = YES;
				ONLY_ACTIVE_ARCH = YES;
				SDKROOT = iphoneos;
				TARGETED_DEVICE_FAMILY = "1,2";
			};
			name = Debug;
		};
		EA9E4FD81AD8D4B600CEEEFB /* Release */ = {
			isa = XCBuildConfiguration;
			buildSettings = {
				ALWAYS_SEARCH_USER_PATHS = NO;
				CLANG_CXX_LANGUAGE_STANDARD = "gnu++0x";
				CLANG_CXX_LIBRARY = "libc++";
				CLANG_ENABLE_MODULES = YES;
				CLANG_ENABLE_OBJC_ARC = YES;
				CLANG_WARN_BOOL_CONVERSION = YES;
				CLANG_WARN_CONSTANT_CONVERSION = YES;
				CLANG_WARN_DIRECT_OBJC_ISA_USAGE = YES_ERROR;
				CLANG_WARN_EMPTY_BODY = YES;
				CLANG_WARN_ENUM_CONVERSION = YES;
				CLANG_WARN_INT_CONVERSION = YES;
				CLANG_WARN_OBJC_ROOT_CLASS = YES_ERROR;
				CLANG_WARN_UNREACHABLE_CODE = YES;
				CLANG_WARN__DUPLICATE_METHOD_MATCH = YES;
				"CODE_SIGN_IDENTITY[sdk=iphoneos*]" = "iPhone Developer";
				COPY_PHASE_STRIP = NO;
				ENABLE_NS_ASSERTIONS = NO;
				ENABLE_STRICT_OBJC_MSGSEND = YES;
				GCC_C_LANGUAGE_STANDARD = gnu99;
				GCC_WARN_64_TO_32_BIT_CONVERSION = YES;
				GCC_WARN_ABOUT_RETURN_TYPE = YES_ERROR;
				GCC_WARN_UNDECLARED_SELECTOR = YES;
				GCC_WARN_UNINITIALIZED_AUTOS = YES_AGGRESSIVE;
				GCC_WARN_UNUSED_FUNCTION = YES;
				GCC_WARN_UNUSED_VARIABLE = YES;
				IPHONEOS_DEPLOYMENT_TARGET = 8.2;
				MTL_ENABLE_DEBUG_INFO = NO;
				SDKROOT = iphoneos;
				TARGETED_DEVICE_FAMILY = "1,2";
				VALIDATE_PRODUCT = YES;
			};
			name = Release;
		};
		EA9E4FDA1AD8D4B600CEEEFB /* Debug */ = {
			isa = XCBuildConfiguration;
			buildSettings = {
				ASSETCATALOG_COMPILER_APPICON_NAME = AppIcon;
				INFOPLIST_FILE = "CoreAnimation-Demo/Info.plist";
				IPHONEOS_DEPLOYMENT_TARGET = 7.0;
				LD_RUNPATH_SEARCH_PATHS = "$(inherited) @executable_path/Frameworks";
				PRODUCT_NAME = "$(TARGET_NAME)";
			};
			name = Debug;
		};
		EA9E4FDB1AD8D4B600CEEEFB /* Release */ = {
			isa = XCBuildConfiguration;
			buildSettings = {
				ASSETCATALOG_COMPILER_APPICON_NAME = AppIcon;
				INFOPLIST_FILE = "CoreAnimation-Demo/Info.plist";
				IPHONEOS_DEPLOYMENT_TARGET = 7.0;
				LD_RUNPATH_SEARCH_PATHS = "$(inherited) @executable_path/Frameworks";
				PRODUCT_NAME = "$(TARGET_NAME)";
			};
			name = Release;
		};
		EA9E4FDD1AD8D4B600CEEEFB /* Debug */ = {
			isa = XCBuildConfiguration;
			buildSettings = {
				BUNDLE_LOADER = "$(TEST_HOST)";
				FRAMEWORK_SEARCH_PATHS = (
					"$(SDKROOT)/Developer/Library/Frameworks",
					"$(inherited)",
				);
				GCC_PREPROCESSOR_DEFINITIONS = (
					"DEBUG=1",
					"$(inherited)",
				);
				INFOPLIST_FILE = "CoreAnimation-DemoTests/Info.plist";
				LD_RUNPATH_SEARCH_PATHS = "$(inherited) @executable_path/Frameworks @loader_path/Frameworks";
				PRODUCT_NAME = "$(TARGET_NAME)";
				TEST_HOST = "$(BUILT_PRODUCTS_DIR)/CoreAnimation-Demo.app/CoreAnimation-Demo";
			};
			name = Debug;
		};
		EA9E4FDE1AD8D4B600CEEEFB /* Release */ = {
			isa = XCBuildConfiguration;
			buildSettings = {
				BUNDLE_LOADER = "$(TEST_HOST)";
				FRAMEWORK_SEARCH_PATHS = (
					"$(SDKROOT)/Developer/Library/Frameworks",
					"$(inherited)",
				);
				INFOPLIST_FILE = "CoreAnimation-DemoTests/Info.plist";
				LD_RUNPATH_SEARCH_PATHS = "$(inherited) @executable_path/Frameworks @loader_path/Frameworks";
				PRODUCT_NAME = "$(TARGET_NAME)";
				TEST_HOST = "$(BUILT_PRODUCTS_DIR)/CoreAnimation-Demo.app/CoreAnimation-Demo";
			};
			name = Release;
		};
/* End XCBuildConfiguration section */

/* Begin XCConfigurationList section */
		EA9E4FB11AD8D4B600CEEEFB /* Build configuration list for PBXProject "CoreAnimation-Demo" */ = {
			isa = XCConfigurationList;
			buildConfigurations = (
				EA9E4FD71AD8D4B600CEEEFB /* Debug */,
				EA9E4FD81AD8D4B600CEEEFB /* Release */,
			);
			defaultConfigurationIsVisible = 0;
			defaultConfigurationName = Release;
		};
		EA9E4FD91AD8D4B600CEEEFB /* Build configuration list for PBXNativeTarget "CoreAnimation-Demo" */ = {
			isa = XCConfigurationList;
			buildConfigurations = (
				EA9E4FDA1AD8D4B600CEEEFB /* Debug */,
				EA9E4FDB1AD8D4B600CEEEFB /* Release */,
			);
			defaultConfigurationIsVisible = 0;
			defaultConfigurationName = Release;
		};
		EA9E4FDC1AD8D4B600CEEEFB /* Build configuration list for PBXNativeTarget "CoreAnimation-DemoTests" */ = {
			isa = XCConfigurationList;
			buildConfigurations = (
				EA9E4FDD1AD8D4B600CEEEFB /* Debug */,
				EA9E4FDE1AD8D4B600CEEEFB /* Release */,
			);
			defaultConfigurationIsVisible = 0;
			defaultConfigurationName = Release;
		};
/* End XCConfigurationList section */
	};
	rootObject = EA9E4FAE1AD8D4B600CEEEFB /* Project object */;
}
