// !$*UTF8*$!
{
	archiveVersion = 1;
	classes = {
	};
	objectVersion = 46;
	objects = {

/* Begin PBXBuildFile section */
		BEF0607DD9BED983281B9C2D /* NewCppClass.mm in Sources */ = {isa = PBXBuildFile; fileRef = BEF06A910D211590AFB3C9CA /* NewCppClass.mm */; };
		BEF0659D5DB9D1FA06FD4A6E /* NewClass.m in Sources */ = {isa = PBXBuildFile; fileRef = BEF0674D792D7FED584D0E30 /* NewClass.m */; };
		BEF067E409F36401E03E6AD1 /* main.m in Sources */ = {isa = PBXBuildFile; fileRef = BEF06C6B112A53E441C64C8C /* main.m */; };
/* End PBXBuildFile section */

/* Begin PBXCopyFilesBuildPhase section */
		BEF06070721C37150BB7E441 /* CopyFiles */ = {
			isa = PBXCopyFilesBuildPhase;
			buildActionMask = 2147483647;
			dstPath = /usr/share/man/man1/;
			dstSubfolderSpec = 0;
			files = (
			);
			runOnlyForDeploymentPostprocessing = 1;
		};
/* End PBXCopyFilesBuildPhase section */

/* Begin PBXFileReference section */
		BEF0674D792D7FED584D0E30 /* NewClass.m */ = {isa = PBXFileReference; fileEncoding = 4; lastKnownFileType = sourcecode.c.objc; path = NewClass.m; sourceTree = "<group>"; };
		BEF069181068C8742B37302B /* NewCppClass.h */ = {isa = PBXFileReference; fileEncoding = 4; lastKnownFileType = sourcecode.c.h; path = NewCppClass.h; sourceTree = "<group>"; };
		BEF06A910D211590AFB3C9CA /* NewCppClass.mm */ = {isa = PBXFileReference; fileEncoding = 4; lastKnownFileType = sourcecode.cpp.objcpp; path = NewCppClass.mm; sourceTree = "<group>"; };
		BEF06B2C23C402199E192B69 /* OCDemo */ = {isa = PBXFileReference; explicitFileType = "compiled.mach-o.executable"; includeInIndex = 0; path = OCDemo; sourceTree = BUILT_PRODUCTS_DIR; };
		BEF06B70494F9B4E4E0A848E /* NewClass.h */ = {isa = PBXFileReference; fileEncoding = 4; lastKnownFileType = sourcecode.c.h; path = NewClass.h; sourceTree = "<group>"; };
		BEF06C6B112A53E441C64C8C /* main.m */ = {isa = PBXFileReference; lastKnownFileType = sourcecode.c.objc; path = main.m; sourceTree = "<group>"; };
/* End PBXFileReference section */

/* Begin PBXFrameworksBuildPhase section */
		BEF0650AB0DCE3C3E898DC23 /* Frameworks */ = {
			isa = PBXFrameworksBuildPhase;
			buildActionMask = 2147483647;
			files = (
			);
			runOnlyForDeploymentPostprocessing = 0;
		};
/* End PBXFrameworksBuildPhase section */

/* Begin PBXGroup section */
		BEF060496CD43F8DFA2015BD /* Products */ = {
			isa = PBXGroup;
			children = (
				BEF06B2C23C402199E192B69 /* OCDemo */,
			);
			name = Products;
			sourceTree = "<group>";
		};
		BEF06246C6B9677F8D579EA4 = {
			isa = PBXGroup;
			children = (
				BEF060496CD43F8DFA2015BD /* Products */,
				BEF06F8EFB562A6254979533 /* OCDemo */,
			);
			sourceTree = "<group>";
		};
		BEF06F8EFB562A6254979533 /* OCDemo */ = {
			isa = PBXGroup;
			children = (
				BEF06C6B112A53E441C64C8C /* main.m */,
				BEF0674D792D7FED584D0E30 /* NewClass.m */,
				BEF06B70494F9B4E4E0A848E /* NewClass.h */,
				BEF06A910D211590AFB3C9CA /* NewCppClass.mm */,
				BEF069181068C8742B37302B /* NewCppClass.h */,
			);
			path = OCDemo;
			sourceTree = "<group>";
		};
/* End PBXGroup section */

/* Begin PBXNativeTarget section */
		BEF06489FD864D8C088D6AB5 /* OCDemo */ = {
			isa = PBXNativeTarget;
			buildConfigurationList = BEF06877AC175B7EB989BEF9 /* Build configuration list for PBXNativeTarget "OCDemo" */;
			buildPhases = (
				BEF06555746A6D268476C16F /* Sources */,
				BEF0650AB0DCE3C3E898DC23 /* Frameworks */,
				BEF06070721C37150BB7E441 /* CopyFiles */,
			);
			buildRules = (
			);
			dependencies = (
			);
			name = OCDemo;
			productName = OCDemo;
			productReference = BEF06B2C23C402199E192B69 /* OCDemo */;
			productType = "com.apple.product-type.tool";
		};
/* End PBXNativeTarget section */

/* Begin PBXProject section */
		BEF0668272BC7E412E4B506A /* Project object */ = {
			isa = PBXProject;
			attributes = {
				ORGANIZATIONNAME = luowei;
			};
			buildConfigurationList = BEF06AB2AE216E11669522CD /* Build configuration list for PBXProject "OCDemo" */;
			compatibilityVersion = "Xcode 3.2";
			developmentRegion = English;
			hasScannedForEncodings = 0;
			knownRegions = (
				en,
			);
			mainGroup = BEF06246C6B9677F8D579EA4;
			productRefGroup = BEF060496CD43F8DFA2015BD /* Products */;
			projectDirPath = "";
			projectRoot = "";
			targets = (
				BEF06489FD864D8C088D6AB5 /* OCDemo */,
			);
		};
/* End PBXProject section */

/* Begin PBXSourcesBuildPhase section */
		BEF06555746A6D268476C16F /* Sources */ = {
			isa = PBXSourcesBuildPhase;
			buildActionMask = 2147483647;
			files = (
				BEF067E409F36401E03E6AD1 /* main.m in Sources */,
				BEF0659D5DB9D1FA06FD4A6E /* NewClass.m in Sources */,
				BEF0607DD9BED983281B9C2D /* NewCppClass.mm in Sources */,
			);
			runOnlyForDeploymentPostprocessing = 0;
		};
/* End PBXSourcesBuildPhase section */

/* Begin XCBuildConfiguration section */
		BEF0625A07E7859BAFAD1FB2 /* Debug */ = {
			isa = XCBuildConfiguration;
			buildSettings = {
				ALWAYS_SEARCH_USER_PATHS = NO;
				CLANG_CXX_LANGUAGE_STANDARD = "gnu++0x";
				CLANG_CXX_LIBRARY = "libc++";
				CLANG_ENABLE_MODULES = YES;
				CLANG_ENABLE_OBJC_ARC = YES;
				CLANG_WARN_BOOL_CONVERSION = YES;
				CLANG_WARN_CONSTANT_CONVERSION = YES;
				CLANG_WARN_DIRECT_OBJC_ISA_USAGE = YES_ERROR;
				CLANG_WARN_EMPTY_BODY = YES;
				CLANG_WARN_ENUM_CONVERSION = YES;
				CLANG_WARN_INT_CONVERSION = YES;
				CLANG_WARN_OBJC_ROOT_CLASS = YES_ERROR;
				CLANG_WARN_UNREACHABLE_CODE = YES;
				CLANG_WARN__DUPLICATE_METHOD_MATCH = YES;
				COPY_PHASE_STRIP = NO;
				ENABLE_STRICT_OBJC_MSGSEND = YES;
				GCC_C_LANGUAGE_STANDARD = gnu99;
				GCC_DYNAMIC_NO_PIC = NO;
				GCC_OPTIMIZATION_LEVEL = 0;
				GCC_PREPROCESSOR_DEFINITIONS = (
					"DEBUG=1",
					"$(inherited)",
				);
				GCC_SYMBOLS_PRIVATE_EXTERN = NO;
				GCC_WARN_64_TO_32_BIT_CONVERSION = YES;
				GCC_WARN_ABOUT_RETURN_TYPE = YES_ERROR;
				GCC_WARN_UNDECLARED_SELECTOR = YES;
				GCC_WARN_UNINITIALIZED_AUTOS = YES_AGGRESSIVE;
				GCC_WARN_UNUSED_FUNCTION = YES;
				GCC_WARN_UNUSED_VARIABLE = YES;
				MACOSX_DEPLOYMENT_TARGET = 10.10;
				MTL_ENABLE_DEBUG_INFO = YES;
				ONLY_ACTIVE_ARCH = YES;
				SDKROOT = macosx;
			};
			name = Debug;
		};
		BEF065CF3A1BDBB1E438F0F8 /* Release */ = {
			isa = XCBuildConfiguration;
			buildSettings = {
				PRODUCT_NAME = "$(TARGET_NAME)";
			};
			name = Release;
		};
		BEF0699C77637D4F1DF62B4E /* Debug */ = {
			isa = XCBuildConfiguration;
			buildSettings = {
				PRODUCT_NAME = "$(TARGET_NAME)";
			};
			name = Debug;
		};
		BEF06CDEAC55B145C0DB668E /* Release */ = {
			isa = XCBuildConfiguration;
			buildSettings = {
				ALWAYS_SEARCH_USER_PATHS = NO;
				CLANG_CXX_LANGUAGE_STANDARD = "gnu++0x";
				CLANG_CXX_LIBRARY = "libc++";
				CLANG_ENABLE_MODULES = YES;
				CLANG_ENABLE_OBJC_ARC = YES;
				CLANG_WARN_BOOL_CONVERSION = YES;
				CLANG_WARN_CONSTANT_CONVERSION = YES;
				CLANG_WARN_DIRECT_OBJC_ISA_USAGE = YES_ERROR;
				CLANG_WARN_EMPTY_BODY = YES;
				CLANG_WARN_ENUM_CONVERSION = YES;
				CLANG_WARN_INT_CONVERSION = YES;
				CLANG_WARN_OBJC_ROOT_CLASS = YES_ERROR;
				CLANG_WARN_UNREACHABLE_CODE = YES;
				CLANG_WARN__DUPLICATE_METHOD_MATCH = YES;
				COPY_PHASE_STRIP = NO;
				DEBUG_INFORMATION_FORMAT = "dwarf-with-dsym";
				ENABLE_NS_ASSERTIONS = NO;
				ENABLE_STRICT_OBJC_MSGSEND = YES;
				GCC_C_LANGUAGE_STANDARD = gnu99;
				GCC_WARN_64_TO_32_BIT_CONVERSION = YES;
				GCC_WARN_ABOUT_RETURN_TYPE = YES_ERROR;
				GCC_WARN_UNDECLARED_SELECTOR = YES;
				GCC_WARN_UNINITIALIZED_AUTOS = YES_AGGRESSIVE;
				GCC_WARN_UNUSED_FUNCTION = YES;
				GCC_WARN_UNUSED_VARIABLE = YES;
				MACOSX_DEPLOYMENT_TARGET = 10.10;
				MTL_ENABLE_DEBUG_INFO = NO;
				SDKROOT = macosx;
			};
			name = Release;
		};
/* End XCBuildConfiguration section */

/* Begin XCConfigurationList section */
		BEF06877AC175B7EB989BEF9 /* Build configuration list for PBXNativeTarget "OCDemo" */ = {
			isa = XCConfigurationList;
			buildConfigurations = (
				BEF0699C77637D4F1DF62B4E /* Debug */,
				BEF065CF3A1BDBB1E438F0F8 /* Release */,
			);
			defaultConfigurationIsVisible = 0;
		};
		BEF06AB2AE216E11669522CD /* Build configuration list for PBXProject "OCDemo" */ = {
			isa = XCConfigurationList;
			buildConfigurations = (
				BEF0625A07E7859BAFAD1FB2 /* Debug */,
				BEF06CDEAC55B145C0DB668E /* Release */,
			);
			defaultConfigurationIsVisible = 0;
			defaultConfigurationName = Release;
		};
/* End XCConfigurationList section */
	};
	rootObject = BEF0668272BC7E412E4B506A /* Project object */;
}
