// !$*UTF8*$!
{
	archiveVersion = 1;
	classes = {
	};
	objectVersion = 46;
	objects = {

/* Begin PBXBuildFile section */
		BEF0618A8AF6A31C21526718 /* AssetTabBarController.m in Sources */ = {isa = PBXBuildFile; fileRef = BEF063FD09D43196F5DB6DFD /* AssetTabBarController.m */; };
		BEF0622C228BE683C467C4A9 /* AssetBrowserController.m in Sources */ = {isa = PBXBuildFile; fileRef = BEF06F0CDA4B12D1BAE4FEFB /* AssetBrowserController.m */; };
		BEF0637D62FE15947089ED29 /* AssetBrowserSource.m in Sources */ = {isa = PBXBuildFile; fileRef = BEF0661FD38FEEAAA179A7B6 /* AssetBrowserSource.m */; };
		BEF067918727F4CAE45A8544 /* DirectoryWatcher.m in Sources */ = {isa = PBXBuildFile; fileRef = BEF06E6AA0E383838695F2EE /* DirectoryWatcher.m */; };
		BEF069DCC01003DD15086342 /* AVPlaybackView.m in Sources */ = {isa = PBXBuildFile; fileRef = BEF06B370BB93898295E06DA /* AVPlaybackView.m */; };
		BEF06A683F22B626D956F3B5 /* AssetBrowserItem.m in Sources */ = {isa = PBXBuildFile; fileRef = BEF06C17116A71D13E7865E2 /* AssetBrowserItem.m */; };
		BEF06D832E3579758606D2FC /* AVMetaDataViewController.m in Sources */ = {isa = PBXBuildFile; fileRef = BEF0607312FD72736FF99900 /* AVMetaDataViewController.m */; };
		EA21CE221AFE66BC005EA253 /* main.m in Sources */ = {isa = PBXBuildFile; fileRef = EA21CE211AFE66BC005EA253 /* main.m */; };
		EA21CE251AFE66BC005EA253 /* AppDelegate.m in Sources */ = {isa = PBXBuildFile; fileRef = EA21CE241AFE66BC005EA253 /* AppDelegate.m */; };
		EA21CE281AFE66BC005EA253 /* ViewController.m in Sources */ = {isa = PBXBuildFile; fileRef = EA21CE271AFE66BC005EA253 /* ViewController.m */; };
		EA21CE2B1AFE66BC005EA253 /* Main.storyboard in Resources */ = {isa = PBXBuildFile; fileRef = EA21CE291AFE66BC005EA253 /* Main.storyboard */; };
		EA21CE2D1AFE66BC005EA253 /* Images.xcassets in Resources */ = {isa = PBXBuildFile; fileRef = EA21CE2C1AFE66BC005EA253 /* Images.xcassets */; };
		EA21CE301AFE66BC005EA253 /* LaunchScreen.xib in Resources */ = {isa = PBXBuildFile; fileRef = EA21CE2E1AFE66BC005EA253 /* LaunchScreen.xib */; };
		EA21CE3C1AFE66BC005EA253 /* AVPlayer_DemoTests.m in Sources */ = {isa = PBXBuildFile; fileRef = EA21CE3B1AFE66BC005EA253 /* AVPlayer_DemoTests.m */; };
		EA21CE461AFE6921005EA253 /* AVFoundation.framework in Frameworks */ = {isa = PBXBuildFile; fileRef = EA21CE451AFE6921005EA253 /* AVFoundation.framework */; };
		EA21CE4A1AFE693C005EA253 /* AssetsLibrary.framework in Frameworks */ = {isa = PBXBuildFile; fileRef = EA21CE491AFE693C005EA253 /* AssetsLibrary.framework */; };
		EA21CE4C1AFE6953005EA253 /* MediaPlayer.framework in Frameworks */ = {isa = PBXBuildFile; fileRef = EA21CE4B1AFE6953005EA253 /* MediaPlayer.framework */; };
		EA21CE4E1AFE6960005EA253 /* MobileCoreServices.framework in Frameworks */ = {isa = PBXBuildFile; fileRef = EA21CE4D1AFE6960005EA253 /* MobileCoreServices.framework */; };
		EA59EF961B37268F00BAB505 /* Localizable.strings in Resources */ = {isa = PBXBuildFile; fileRef = EA59EF981B37268F00BAB505 /* Localizable.strings */; };
/* End PBXBuildFile section */

/* Begin PBXContainerItemProxy section */
		EA21CE361AFE66BC005EA253 /* PBXContainerItemProxy */ = {
			isa = PBXContainerItemProxy;
			containerPortal = EA21CE141AFE66BC005EA253 /* Project object */;
			proxyType = 1;
			remoteGlobalIDString = EA21CE1B1AFE66BC005EA253;
			remoteInfo = "AVPlayer-Demo";
		};
/* End PBXContainerItemProxy section */

/* Begin PBXFileReference section */
		BEF0607312FD72736FF99900 /* AVMetaDataViewController.m */ = {isa = PBXFileReference; fileEncoding = 4; lastKnownFileType = sourcecode.c.objc; path = AVMetaDataViewController.m; sourceTree = "<group>"; };
		BEF060D3C3901EDCCE373737 /* AssetBrowserController.h */ = {isa = PBXFileReference; fileEncoding = 4; lastKnownFileType = sourcecode.c.h; path = AssetBrowserController.h; sourceTree = "<group>"; };
		BEF063FD09D43196F5DB6DFD /* AssetTabBarController.m */ = {isa = PBXFileReference; fileEncoding = 4; lastKnownFileType = sourcecode.c.objc; path = AssetTabBarController.m; sourceTree = "<group>"; };
		BEF0653B3E3FEE76F052500A /* AVPlaybackView.h */ = {isa = PBXFileReference; fileEncoding = 4; lastKnownFileType = sourcecode.c.h; path = AVPlaybackView.h; sourceTree = "<group>"; };
		BEF0661FD38FEEAAA179A7B6 /* AssetBrowserSource.m */ = {isa = PBXFileReference; fileEncoding = 4; lastKnownFileType = sourcecode.c.objc; path = AssetBrowserSource.m; sourceTree = "<group>"; };
		BEF06A5C15D06A31C7CF98A5 /* AssetBrowserSource.h */ = {isa = PBXFileReference; fileEncoding = 4; lastKnownFileType = sourcecode.c.h; path = AssetBrowserSource.h; sourceTree = "<group>"; };
		BEF06B370BB93898295E06DA /* AVPlaybackView.m */ = {isa = PBXFileReference; fileEncoding = 4; lastKnownFileType = sourcecode.c.objc; path = AVPlaybackView.m; sourceTree = "<group>"; };
		BEF06B4DB7673D7DEA6B8F3D /* AVMetaDataViewController.h */ = {isa = PBXFileReference; fileEncoding = 4; lastKnownFileType = sourcecode.c.h; path = AVMetaDataViewController.h; sourceTree = "<group>"; };
		BEF06C17116A71D13E7865E2 /* AssetBrowserItem.m */ = {isa = PBXFileReference; fileEncoding = 4; lastKnownFileType = sourcecode.c.objc; path = AssetBrowserItem.m; sourceTree = "<group>"; };
		BEF06CEDE86B49C341BF9F1E /* AssetBrowserItem.h */ = {isa = PBXFileReference; fileEncoding = 4; lastKnownFileType = sourcecode.c.h; path = AssetBrowserItem.h; sourceTree = "<group>"; };
		BEF06E6AA0E383838695F2EE /* DirectoryWatcher.m */ = {isa = PBXFileReference; fileEncoding = 4; lastKnownFileType = sourcecode.c.objc; path = DirectoryWatcher.m; sourceTree = "<group>"; };
		BEF06E6E00BBDC03EDFA5958 /* DirectoryWatcher.h */ = {isa = PBXFileReference; fileEncoding = 4; lastKnownFileType = sourcecode.c.h; path = DirectoryWatcher.h; sourceTree = "<group>"; };
		BEF06F0CDA4B12D1BAE4FEFB /* AssetBrowserController.m */ = {isa = PBXFileReference; fileEncoding = 4; lastKnownFileType = sourcecode.c.objc; path = AssetBrowserController.m; sourceTree = "<group>"; };
		BEF06F23FDC34B1A75680EF3 /* AssetTabBarController.h */ = {isa = PBXFileReference; fileEncoding = 4; lastKnownFileType = sourcecode.c.h; path = AssetTabBarController.h; sourceTree = "<group>"; };
		EA21CE1C1AFE66BC005EA253 /* AVPlayer-Demo.app */ = {isa = PBXFileReference; explicitFileType = wrapper.application; includeInIndex = 0; path = "AVPlayer-Demo.app"; sourceTree = BUILT_PRODUCTS_DIR; };
		EA21CE201AFE66BC005EA253 /* Info.plist */ = {isa = PBXFileReference; lastKnownFileType = text.plist.xml; path = Info.plist; sourceTree = "<group>"; };
		EA21CE211AFE66BC005EA253 /* main.m */ = {isa = PBXFileReference; lastKnownFileType = sourcecode.c.objc; path = main.m; sourceTree = "<group>"; };
		EA21CE231AFE66BC005EA253 /* AppDelegate.h */ = {isa = PBXFileReference; lastKnownFileType = sourcecode.c.h; path = AppDelegate.h; sourceTree = "<group>"; };
		EA21CE241AFE66BC005EA253 /* AppDelegate.m */ = {isa = PBXFileReference; lastKnownFileType = sourcecode.c.objc; path = AppDelegate.m; sourceTree = "<group>"; };
		EA21CE261AFE66BC005EA253 /* ViewController.h */ = {isa = PBXFileReference; lastKnownFileType = sourcecode.c.h; path = ViewController.h; sourceTree = "<group>"; };
		EA21CE271AFE66BC005EA253 /* ViewController.m */ = {isa = PBXFileReference; lastKnownFileType = sourcecode.c.objc; path = ViewController.m; sourceTree = "<group>"; };
		EA21CE2A1AFE66BC005EA253 /* Base */ = {isa = PBXFileReference; lastKnownFileType = file.storyboard; name = Base; path = Base.lproj/Main.storyboard; sourceTree = "<group>"; };
		EA21CE2C1AFE66BC005EA253 /* Images.xcassets */ = {isa = PBXFileReference; lastKnownFileType = folder.assetcatalog; path = Images.xcassets; sourceTree = "<group>"; };
		EA21CE2F1AFE66BC005EA253 /* Base */ = {isa = PBXFileReference; lastKnownFileType = file.xib; name = Base; path = Base.lproj/LaunchScreen.xib; sourceTree = "<group>"; };
		EA21CE351AFE66BC005EA253 /* AVPlayer-DemoTests.xctest */ = {isa = PBXFileReference; explicitFileType = wrapper.cfbundle; includeInIndex = 0; path = "AVPlayer-DemoTests.xctest"; sourceTree = BUILT_PRODUCTS_DIR; };
		EA21CE3A1AFE66BC005EA253 /* Info.plist */ = {isa = PBXFileReference; lastKnownFileType = text.plist.xml; path = Info.plist; sourceTree = "<group>"; };
		EA21CE3B1AFE66BC005EA253 /* AVPlayer_DemoTests.m */ = {isa = PBXFileReference; lastKnownFileType = sourcecode.c.objc; path = AVPlayer_DemoTests.m; sourceTree = "<group>"; };
		EA21CE451AFE6921005EA253 /* AVFoundation.framework */ = {isa = PBXFileReference; lastKnownFileType = wrapper.framework; name = AVFoundation.framework; path = System/Library/Frameworks/AVFoundation.framework; sourceTree = SDKROOT; };
		EA21CE471AFE6929005EA253 /* CoreMedia.framework */ = {isa = PBXFileReference; lastKnownFileType = wrapper.framework; name = CoreMedia.framework; path = System/Library/Frameworks/CoreMedia.framework; sourceTree = SDKROOT; };
		EA21CE491AFE693C005EA253 /* AssetsLibrary.framework */ = {isa = PBXFileReference; lastKnownFileType = wrapper.framework; name = AssetsLibrary.framework; path = System/Library/Frameworks/AssetsLibrary.framework; sourceTree = SDKROOT; };
		EA21CE4B1AFE6953005EA253 /* MediaPlayer.framework */ = {isa = PBXFileReference; lastKnownFileType = wrapper.framework; name = MediaPlayer.framework; path = System/Library/Frameworks/MediaPlayer.framework; sourceTree = SDKROOT; };
		EA21CE4D1AFE6960005EA253 /* MobileCoreServices.framework */ = {isa = PBXFileReference; lastKnownFileType = wrapper.framework; name = MobileCoreServices.framework; path = System/Library/Frameworks/MobileCoreServices.framework; sourceTree = SDKROOT; };
		EA59EF971B37268F00BAB505 /* Base */ = {isa = PBXFileReference; lastKnownFileType = text.plist.strings; name = Base; path = Base.lproj/Localizable.strings; sourceTree = "<group>"; };
		EA59EF991B3726AE00BAB505 /* zh-Hans */ = {isa = PBXFileReference; lastKnownFileType = text.plist.strings; name = "zh-Hans"; path = "zh-Hans.lproj/Localizable.strings"; sourceTree = "<group>"; };
/* End PBXFileReference section */

/* Begin PBXFrameworksBuildPhase section */
		EA21CE191AFE66BC005EA253 /* Frameworks */ = {
			isa = PBXFrameworksBuildPhase;
			buildActionMask = 2147483647;
			files = (
				EA21CE4E1AFE6960005EA253 /* MobileCoreServices.framework in Frameworks */,
				EA21CE4C1AFE6953005EA253 /* MediaPlayer.framework in Frameworks */,
				EA21CE4A1AFE693C005EA253 /* AssetsLibrary.framework in Frameworks */,
				EA21CE461AFE6921005EA253 /* AVFoundation.framework in Frameworks */,
			);
			runOnlyForDeploymentPostprocessing = 0;
		};
		EA21CE321AFE66BC005EA253 /* Frameworks */ = {
			isa = PBXFrameworksBuildPhase;
			buildActionMask = 2147483647;
			files = (
			);
			runOnlyForDeploymentPostprocessing = 0;
		};
/* End PBXFrameworksBuildPhase section */

/* Begin PBXGroup section */
		BEF06786CAFB497CED8884A8 /* AssetBrowser */ = {
			isa = PBXGroup;
			children = (
				BEF06F0CDA4B12D1BAE4FEFB /* AssetBrowserController.m */,
				BEF060D3C3901EDCCE373737 /* AssetBrowserController.h */,
				BEF0661FD38FEEAAA179A7B6 /* AssetBrowserSource.m */,
				BEF06A5C15D06A31C7CF98A5 /* AssetBrowserSource.h */,
				BEF06C17116A71D13E7865E2 /* AssetBrowserItem.m */,
				BEF06CEDE86B49C341BF9F1E /* AssetBrowserItem.h */,
				BEF06E6AA0E383838695F2EE /* DirectoryWatcher.m */,
				BEF06E6E00BBDC03EDFA5958 /* DirectoryWatcher.h */,
				BEF063FD09D43196F5DB6DFD /* AssetTabBarController.m */,
				BEF06F23FDC34B1A75680EF3 /* AssetTabBarController.h */,
			);
			path = AssetBrowser;
			sourceTree = "<group>";
		};
		EA21CE131AFE66BC005EA253 = {
			isa = PBXGroup;
			children = (
				EA21CE4D1AFE6960005EA253 /* MobileCoreServices.framework */,
				EA21CE4B1AFE6953005EA253 /* MediaPlayer.framework */,
				EA21CE491AFE693C005EA253 /* AssetsLibrary.framework */,
				EA21CE471AFE6929005EA253 /* CoreMedia.framework */,
				EA21CE451AFE6921005EA253 /* AVFoundation.framework */,
				EA21CE1E1AFE66BC005EA253 /* AVPlayer-Demo */,
				EA21CE381AFE66BC005EA253 /* AVPlayer-DemoTests */,
				EA21CE1D1AFE66BC005EA253 /* Products */,
			);
			sourceTree = "<group>";
		};
		EA21CE1D1AFE66BC005EA253 /* Products */ = {
			isa = PBXGroup;
			children = (
				EA21CE1C1AFE66BC005EA253 /* AVPlayer-Demo.app */,
				EA21CE351AFE66BC005EA253 /* AVPlayer-DemoTests.xctest */,
			);
			name = Products;
			sourceTree = "<group>";
		};
		EA21CE1E1AFE66BC005EA253 /* AVPlayer-Demo */ = {
			isa = PBXGroup;
			children = (
				EA21CE231AFE66BC005EA253 /* AppDelegate.h */,
				EA21CE241AFE66BC005EA253 /* AppDelegate.m */,
				EA21CE261AFE66BC005EA253 /* ViewController.h */,
				EA21CE271AFE66BC005EA253 /* ViewController.m */,
				EA21CE291AFE66BC005EA253 /* Main.storyboard */,
				EA21CE2C1AFE66BC005EA253 /* Images.xcassets */,
				EA21CE2E1AFE66BC005EA253 /* LaunchScreen.xib */,
				EA21CE1F1AFE66BC005EA253 /* Supporting Files */,
				BEF06786CAFB497CED8884A8 /* AssetBrowser */,
				BEF06B370BB93898295E06DA /* AVPlaybackView.m */,
				BEF0653B3E3FEE76F052500A /* AVPlaybackView.h */,
				BEF0607312FD72736FF99900 /* AVMetaDataViewController.m */,
				BEF06B4DB7673D7DEA6B8F3D /* AVMetaDataViewController.h */,
			);
			path = "AVPlayer-Demo";
			sourceTree = "<group>";
		};
		EA21CE1F1AFE66BC005EA253 /* Supporting Files */ = {
			isa = PBXGroup;
			children = (
				EA21CE201AFE66BC005EA253 /* Info.plist */,
				EA21CE211AFE66BC005EA253 /* main.m */,
				EA59EF981B37268F00BAB505 /* Localizable.strings */,
			);
			name = "Supporting Files";
			sourceTree = "<group>";
		};
		EA21CE381AFE66BC005EA253 /* AVPlayer-DemoTests */ = {
			isa = PBXGroup;
			children = (
				EA21CE3B1AFE66BC005EA253 /* AVPlayer_DemoTests.m */,
				EA21CE391AFE66BC005EA253 /* Supporting Files */,
			);
			path = "AVPlayer-DemoTests";
			sourceTree = "<group>";
		};
		EA21CE391AFE66BC005EA253 /* Supporting Files */ = {
			isa = PBXGroup;
			children = (
				EA21CE3A1AFE66BC005EA253 /* Info.plist */,
			);
			name = "Supporting Files";
			sourceTree = "<group>";
		};
/* End PBXGroup section */

/* Begin PBXNativeTarget section */
		EA21CE1B1AFE66BC005EA253 /* AVPlayer-Demo */ = {
			isa = PBXNativeTarget;
			buildConfigurationList = EA21CE3F1AFE66BC005EA253 /* Build configuration list for PBXNativeTarget "AVPlayer-Demo" */;
			buildPhases = (
				EA21CE181AFE66BC005EA253 /* Sources */,
				EA21CE191AFE66BC005EA253 /* Frameworks */,
				EA21CE1A1AFE66BC005EA253 /* Resources */,
			);
			buildRules = (
			);
			dependencies = (
			);
			name = "AVPlayer-Demo";
			productName = "AVPlayer-Demo";
			productReference = EA21CE1C1AFE66BC005EA253 /* AVPlayer-Demo.app */;
			productType = "com.apple.product-type.application";
		};
		EA21CE341AFE66BC005EA253 /* AVPlayer-DemoTests */ = {
			isa = PBXNativeTarget;
			buildConfigurationList = EA21CE421AFE66BC005EA253 /* Build configuration list for PBXNativeTarget "AVPlayer-DemoTests" */;
			buildPhases = (
				EA21CE311AFE66BC005EA253 /* Sources */,
				EA21CE321AFE66BC005EA253 /* Frameworks */,
				EA21CE331AFE66BC005EA253 /* Resources */,
			);
			buildRules = (
			);
			dependencies = (
				EA21CE371AFE66BC005EA253 /* PBXTargetDependency */,
			);
			name = "AVPlayer-DemoTests";
			productName = "AVPlayer-DemoTests";
			productReference = EA21CE351AFE66BC005EA253 /* AVPlayer-DemoTests.xctest */;
			productType = "com.apple.product-type.bundle.unit-test";
		};
/* End PBXNativeTarget section */

/* Begin PBXProject section */
		EA21CE141AFE66BC005EA253 /* Project object */ = {
			isa = PBXProject;
			attributes = {
				LastUpgradeCheck = 0630;
				ORGANIZATIONNAME = luowei;
				TargetAttributes = {
					EA21CE1B1AFE66BC005EA253 = {
						CreatedOnToolsVersion = 6.3;
					};
					EA21CE341AFE66BC005EA253 = {
						CreatedOnToolsVersion = 6.3;
						TestTargetID = EA21CE1B1AFE66BC005EA253;
					};
				};
			};
			buildConfigurationList = EA21CE171AFE66BC005EA253 /* Build configuration list for PBXProject "AVPlayer-Demo" */;
			compatibilityVersion = "Xcode 3.2";
			developmentRegion = English;
			hasScannedForEncodings = 0;
			knownRegions = (
				en,
				Base,
				"zh-Hans",
			);
			mainGroup = EA21CE131AFE66BC005EA253;
			productRefGroup = EA21CE1D1AFE66BC005EA253 /* Products */;
			projectDirPath = "";
			projectRoot = "";
			targets = (
				EA21CE1B1AFE66BC005EA253 /* AVPlayer-Demo */,
				EA21CE341AFE66BC005EA253 /* AVPlayer-DemoTests */,
			);
		};
/* End PBXProject section */

/* Begin PBXResourcesBuildPhase section */
		EA21CE1A1AFE66BC005EA253 /* Resources */ = {
			isa = PBXResourcesBuildPhase;
			buildActionMask = 2147483647;
			files = (
				EA21CE2B1AFE66BC005EA253 /* Main.storyboard in Resources */,
				EA59EF961B37268F00BAB505 /* Localizable.strings in Resources */,
				EA21CE301AFE66BC005EA253 /* LaunchScreen.xib in Resources */,
				EA21CE2D1AFE66BC005EA253 /* Images.xcassets in Resources */,
			);
			runOnlyForDeploymentPostprocessing = 0;
		};
		EA21CE331AFE66BC005EA253 /* Resources */ = {
			isa = PBXResourcesBuildPhase;
			buildActionMask = 2147483647;
			files = (
			);
			runOnlyForDeploymentPostprocessing = 0;
		};
/* End PBXResourcesBuildPhase section */

/* Begin PBXSourcesBuildPhase section */
		EA21CE181AFE66BC005EA253 /* Sources */ = {
			isa = PBXSourcesBuildPhase;
			buildActionMask = 2147483647;
			files = (
				EA21CE281AFE66BC005EA253 /* ViewController.m in Sources */,
				EA21CE251AFE66BC005EA253 /* AppDelegate.m in Sources */,
				EA21CE221AFE66BC005EA253 /* main.m in Sources */,
				BEF0622C228BE683C467C4A9 /* AssetBrowserController.m in Sources */,
				BEF0637D62FE15947089ED29 /* AssetBrowserSource.m in Sources */,
				BEF06A683F22B626D956F3B5 /* AssetBrowserItem.m in Sources */,
				BEF067918727F4CAE45A8544 /* DirectoryWatcher.m in Sources */,
				BEF0618A8AF6A31C21526718 /* AssetTabBarController.m in Sources */,
				BEF069DCC01003DD15086342 /* AVPlaybackView.m in Sources */,
				BEF06D832E3579758606D2FC /* AVMetaDataViewController.m in Sources */,
			);
			runOnlyForDeploymentPostprocessing = 0;
		};
		EA21CE311AFE66BC005EA253 /* Sources */ = {
			isa = PBXSourcesBuildPhase;
			buildActionMask = 2147483647;
			files = (
				EA21CE3C1AFE66BC005EA253 /* AVPlayer_DemoTests.m in Sources */,
			);
			runOnlyForDeploymentPostprocessing = 0;
		};
/* End PBXSourcesBuildPhase section */

/* Begin PBXTargetDependency section */
		EA21CE371AFE66BC005EA253 /* PBXTargetDependency */ = {
			isa = PBXTargetDependency;
			target = EA21CE1B1AFE66BC005EA253 /* AVPlayer-Demo */;
			targetProxy = EA21CE361AFE66BC005EA253 /* PBXContainerItemProxy */;
		};
/* End PBXTargetDependency section */

/* Begin PBXVariantGroup section */
		EA21CE291AFE66BC005EA253 /* Main.storyboard */ = {
			isa = PBXVariantGroup;
			children = (
				EA21CE2A1AFE66BC005EA253 /* Base */,
			);
			name = Main.storyboard;
			sourceTree = "<group>";
		};
		EA21CE2E1AFE66BC005EA253 /* LaunchScreen.xib */ = {
			isa = PBXVariantGroup;
			children = (
				EA21CE2F1AFE66BC005EA253 /* Base */,
			);
			name = LaunchScreen.xib;
			sourceTree = "<group>";
		};
		EA59EF981B37268F00BAB505 /* Localizable.strings */ = {
			isa = PBXVariantGroup;
			children = (
				EA59EF971B37268F00BAB505 /* Base */,
				EA59EF991B3726AE00BAB505 /* zh-Hans */,
			);
			name = Localizable.strings;
			sourceTree = "<group>";
		};
/* End PBXVariantGroup section */

/* Begin XCBuildConfiguration section */
		EA21CE3D1AFE66BC005EA253 /* Debug */ = {
			isa = XCBuildConfiguration;
			buildSettings = {
				ALWAYS_SEARCH_USER_PATHS = NO;
				CLANG_CXX_LANGUAGE_STANDARD = "gnu++0x";
				CLANG_CXX_LIBRARY = "libc++";
				CLANG_ENABLE_MODULES = YES;
				CLANG_ENABLE_OBJC_ARC = YES;
				CLANG_WARN_BOOL_CONVERSION = YES;
				CLANG_WARN_CONSTANT_CONVERSION = YES;
				CLANG_WARN_DIRECT_OBJC_ISA_USAGE = YES_ERROR;
				CLANG_WARN_EMPTY_BODY = YES;
				CLANG_WARN_ENUM_CONVERSION = YES;
				CLANG_WARN_INT_CONVERSION = YES;
				CLANG_WARN_OBJC_ROOT_CLASS = YES_ERROR;
				CLANG_WARN_UNREACHABLE_CODE = YES;
				CLANG_WARN__DUPLICATE_METHOD_MATCH = YES;
				"CODE_SIGN_IDENTITY[sdk=iphoneos*]" = "iPhone Developer";
				COPY_PHASE_STRIP = NO;
				DEBUG_INFORMATION_FORMAT = "dwarf-with-dsym";
				ENABLE_STRICT_OBJC_MSGSEND = YES;
				GCC_C_LANGUAGE_STANDARD = gnu99;
				GCC_DYNAMIC_NO_PIC = NO;
				GCC_NO_COMMON_BLOCKS = YES;
				GCC_OPTIMIZATION_LEVEL = 0;
				GCC_PREPROCESSOR_DEFINITIONS = (
					"DEBUG=1",
					"$(inherited)",
				);
				GCC_SYMBOLS_PRIVATE_EXTERN = NO;
				GCC_WARN_64_TO_32_BIT_CONVERSION = YES;
				GCC_WARN_ABOUT_RETURN_TYPE = YES_ERROR;
				GCC_WARN_UNDECLARED_SELECTOR = YES;
				GCC_WARN_UNINITIALIZED_AUTOS = YES_AGGRESSIVE;
				GCC_WARN_UNUSED_FUNCTION = YES;
				GCC_WARN_UNUSED_VARIABLE = YES;
				IPHONEOS_DEPLOYMENT_TARGET = 8.3;
				MTL_ENABLE_DEBUG_INFO = YES;
				ONLY_ACTIVE_ARCH = YES;
				SDKROOT = iphoneos;
				TARGETED_DEVICE_FAMILY = "1,2";
			};
			name = Debug;
		};
		EA21CE3E1AFE66BC005EA253 /* Release */ = {
			isa = XCBuildConfiguration;
			buildSettings = {
				ALWAYS_SEARCH_USER_PATHS = NO;
				CLANG_CXX_LANGUAGE_STANDARD = "gnu++0x";
				CLANG_CXX_LIBRARY = "libc++";
				CLANG_ENABLE_MODULES = YES;
				CLANG_ENABLE_OBJC_ARC = YES;
				CLANG_WARN_BOOL_CONVERSION = YES;
				CLANG_WARN_CONSTANT_CONVERSION = YES;
				CLANG_WARN_DIRECT_OBJC_ISA_USAGE = YES_ERROR;
				CLANG_WARN_EMPTY_BODY = YES;
				CLANG_WARN_ENUM_CONVERSION = YES;
				CLANG_WARN_INT_CONVERSION = YES;
				CLANG_WARN_OBJC_ROOT_CLASS = YES_ERROR;
				CLANG_WARN_UNREACHABLE_CODE = YES;
				CLANG_WARN__DUPLICATE_METHOD_MATCH = YES;
				"CODE_SIGN_IDENTITY[sdk=iphoneos*]" = "iPhone Developer";
				COPY_PHASE_STRIP = NO;
				DEBUG_INFORMATION_FORMAT = "dwarf-with-dsym";
				ENABLE_NS_ASSERTIONS = NO;
				ENABLE_STRICT_OBJC_MSGSEND = YES;
				GCC_C_LANGUAGE_STANDARD = gnu99;
				GCC_NO_COMMON_BLOCKS = YES;
				GCC_WARN_64_TO_32_BIT_CONVERSION = YES;
				GCC_WARN_ABOUT_RETURN_TYPE = YES_ERROR;
				GCC_WARN_UNDECLARED_SELECTOR = YES;
				GCC_WARN_UNINITIALIZED_AUTOS = YES_AGGRESSIVE;
				GCC_WARN_UNUSED_FUNCTION = YES;
				GCC_WARN_UNUSED_VARIABLE = YES;
				IPHONEOS_DEPLOYMENT_TARGET = 8.3;
				MTL_ENABLE_DEBUG_INFO = NO;
				SDKROOT = iphoneos;
				TARGETED_DEVICE_FAMILY = "1,2";
				VALIDATE_PRODUCT = YES;
			};
			name = Release;
		};
		EA21CE401AFE66BC005EA253 /* Debug */ = {
			isa = XCBuildConfiguration;
			buildSettings = {
				ASSETCATALOG_COMPILER_APPICON_NAME = AppIcon;
				ASSETCATALOG_COMPILER_LAUNCHIMAGE_NAME = LaunchImage;
				INFOPLIST_FILE = "AVPlayer-Demo/Info.plist";
				IPHONEOS_DEPLOYMENT_TARGET = 7.0;
				LD_RUNPATH_SEARCH_PATHS = "$(inherited) @executable_path/Frameworks";
				PRODUCT_NAME = "$(TARGET_NAME)";
			};
			name = Debug;
		};
		EA21CE411AFE66BC005EA253 /* Release */ = {
			isa = XCBuildConfiguration;
			buildSettings = {
				ASSETCATALOG_COMPILER_APPICON_NAME = AppIcon;
				ASSETCATALOG_COMPILER_LAUNCHIMAGE_NAME = LaunchImage;
				INFOPLIST_FILE = "AVPlayer-Demo/Info.plist";
				IPHONEOS_DEPLOYMENT_TARGET = 7.0;
				LD_RUNPATH_SEARCH_PATHS = "$(inherited) @executable_path/Frameworks";
				PRODUCT_NAME = "$(TARGET_NAME)";
			};
			name = Release;
		};
		EA21CE431AFE66BC005EA253 /* Debug */ = {
			isa = XCBuildConfiguration;
			buildSettings = {
				BUNDLE_LOADER = "$(TEST_HOST)";
				FRAMEWORK_SEARCH_PATHS = (
					"$(SDKROOT)/Developer/Library/Frameworks",
					"$(inherited)",
				);
				GCC_PREPROCESSOR_DEFINITIONS = (
					"DEBUG=1",
					"$(inherited)",
				);
				INFOPLIST_FILE = "AVPlayer-DemoTests/Info.plist";
				LD_RUNPATH_SEARCH_PATHS = "$(inherited) @executable_path/Frameworks @loader_path/Frameworks";
				PRODUCT_NAME = "$(TARGET_NAME)";
				TEST_HOST = "$(BUILT_PRODUCTS_DIR)/AVPlayer-Demo.app/AVPlayer-Demo";
			};
			name = Debug;
		};
		EA21CE441AFE66BC005EA253 /* Release */ = {
			isa = XCBuildConfiguration;
			buildSettings = {
				BUNDLE_LOADER = "$(TEST_HOST)";
				FRAMEWORK_SEARCH_PATHS = (
					"$(SDKROOT)/Developer/Library/Frameworks",
					"$(inherited)",
				);
				INFOPLIST_FILE = "AVPlayer-DemoTests/Info.plist";
				LD_RUNPATH_SEARCH_PATHS = "$(inherited) @executable_path/Frameworks @loader_path/Frameworks";
				PRODUCT_NAME = "$(TARGET_NAME)";
				TEST_HOST = "$(BUILT_PRODUCTS_DIR)/AVPlayer-Demo.app/AVPlayer-Demo";
			};
			name = Release;
		};
/* End XCBuildConfiguration section */

/* Begin XCConfigurationList section */
		EA21CE171AFE66BC005EA253 /* Build configuration list for PBXProject "AVPlayer-Demo" */ = {
			isa = XCConfigurationList;
			buildConfigurations = (
				EA21CE3D1AFE66BC005EA253 /* Debug */,
				EA21CE3E1AFE66BC005EA253 /* Release */,
			);
			defaultConfigurationIsVisible = 0;
			defaultConfigurationName = Release;
		};
		EA21CE3F1AFE66BC005EA253 /* Build configuration list for PBXNativeTarget "AVPlayer-Demo" */ = {
			isa = XCConfigurationList;
			buildConfigurations = (
				EA21CE401AFE66BC005EA253 /* Debug */,
				EA21CE411AFE66BC005EA253 /* Release */,
			);
			defaultConfigurationIsVisible = 0;
			defaultConfigurationName = Release;
		};
		EA21CE421AFE66BC005EA253 /* Build configuration list for PBXNativeTarget "AVPlayer-DemoTests" */ = {
			isa = XCConfigurationList;
			buildConfigurations = (
				EA21CE431AFE66BC005EA253 /* Debug */,
				EA21CE441AFE66BC005EA253 /* Release */,
			);
			defaultConfigurationIsVisible = 0;
			defaultConfigurationName = Release;
		};
/* End XCConfigurationList section */
	};
	rootObject = EA21CE141AFE66BC005EA253 /* Project object */;
}
